// !$*UTF8*$!
{
	archiveVersion = 1;
	classes = {
	};
	objectVersion = 50;
	objects = {

/* Begin PBXBuildFile section */
		840C0D162118443A00737072 /* ForgotPassWordController.swift in Sources */ = {isa = PBXBuildFile; fileRef = 840C0D142118443A00737072 /* ForgotPassWordController.swift */; };
		840C0D172118443A00737072 /* ForgotPassWordController.xib in Resources */ = {isa = PBXBuildFile; fileRef = 840C0D152118443A00737072 /* ForgotPassWordController.xib */; };
		840C0D1B2118482600737072 /* paper-plane.png in Resources */ = {isa = PBXBuildFile; fileRef = 840C0D1A2118482500737072 /* paper-plane.png */; };
		840C0D322118658B00737072 /* HomeViewController.swift in Sources */ = {isa = PBXBuildFile; fileRef = 840C0D302118658B00737072 /* HomeViewController.swift */; };
		840C0D332118658B00737072 /* HomeViewController.xib in Resources */ = {isa = PBXBuildFile; fileRef = 840C0D312118658B00737072 /* HomeViewController.xib */; };
		840C0D362118659A00737072 /* ProfileViewController.swift in Sources */ = {isa = PBXBuildFile; fileRef = 840C0D342118659A00737072 /* ProfileViewController.swift */; };
		840C0D372118659A00737072 /* ProfileViewController.xib in Resources */ = {isa = PBXBuildFile; fileRef = 840C0D352118659A00737072 /* ProfileViewController.xib */; };
		8460A6932117EC0700B51FB6 /* Roboto-BlackItalic.ttf in Resources */ = {isa = PBXBuildFile; fileRef = 8460A6822117EC0400B51FB6 /* Roboto-BlackItalic.ttf */; };
		8460A6942117EC0700B51FB6 /* Roboto-Black.ttf in Resources */ = {isa = PBXBuildFile; fileRef = 8460A6832117EC0500B51FB6 /* Roboto-Black.ttf */; };
		8460A6952117EC0700B51FB6 /* Roboto-Bold.ttf in Resources */ = {isa = PBXBuildFile; fileRef = 8460A6842117EC0500B51FB6 /* Roboto-Bold.ttf */; };
		8460A6962117EC0700B51FB6 /* Roboto-Light.ttf in Resources */ = {isa = PBXBuildFile; fileRef = 8460A6852117EC0500B51FB6 /* Roboto-Light.ttf */; };
		8460A6972117EC0700B51FB6 /* Roboto-ThinItalic.ttf in Resources */ = {isa = PBXBuildFile; fileRef = 8460A6862117EC0500B51FB6 /* Roboto-ThinItalic.ttf */; };
		8460A6982117EC0700B51FB6 /* Roboto-BoldCondensed.ttf in Resources */ = {isa = PBXBuildFile; fileRef = 8460A6872117EC0500B51FB6 /* Roboto-BoldCondensed.ttf */; };
		8460A6992117EC0700B51FB6 /* Roboto-Italic.ttf in Resources */ = {isa = PBXBuildFile; fileRef = 8460A6882117EC0500B51FB6 /* Roboto-Italic.ttf */; };
		8460A69A2117EC0700B51FB6 /* Roboto-Thin.ttf in Resources */ = {isa = PBXBuildFile; fileRef = 8460A6892117EC0500B51FB6 /* Roboto-Thin.ttf */; };
		8460A69B2117EC0700B51FB6 /* Roboto-Condensed.ttf in Resources */ = {isa = PBXBuildFile; fileRef = 8460A68A2117EC0600B51FB6 /* Roboto-Condensed.ttf */; };
		8460A69C2117EC0700B51FB6 /* Roboto-Regular.ttf in Resources */ = {isa = PBXBuildFile; fileRef = 8460A68B2117EC0600B51FB6 /* Roboto-Regular.ttf */; };
		8460A69D2117EC0700B51FB6 /* Roboto_Specimen_Book.pdf in Resources */ = {isa = PBXBuildFile; fileRef = 8460A68C2117EC0600B51FB6 /* Roboto_Specimen_Book.pdf */; };
		8460A69E2117EC0700B51FB6 /* Roboto-BoldItalic.ttf in Resources */ = {isa = PBXBuildFile; fileRef = 8460A68D2117EC0600B51FB6 /* Roboto-BoldItalic.ttf */; };
		8460A69F2117EC0700B51FB6 /* Roboto-Medium.ttf in Resources */ = {isa = PBXBuildFile; fileRef = 8460A68E2117EC0600B51FB6 /* Roboto-Medium.ttf */; };
		8460A6A02117EC0700B51FB6 /* Roboto-MediumItalic.ttf in Resources */ = {isa = PBXBuildFile; fileRef = 8460A68F2117EC0600B51FB6 /* Roboto-MediumItalic.ttf */; };
		8460A6A12117EC0700B51FB6 /* Roboto-CondensedItalic.ttf in Resources */ = {isa = PBXBuildFile; fileRef = 8460A6902117EC0600B51FB6 /* Roboto-CondensedItalic.ttf */; };
		8460A6A22117EC0700B51FB6 /* Roboto-BoldCondensedItalic.ttf in Resources */ = {isa = PBXBuildFile; fileRef = 8460A6912117EC0600B51FB6 /* Roboto-BoldCondensedItalic.ttf */; };
		8460A6A32117EC0700B51FB6 /* Roboto-LightItalic.ttf in Resources */ = {isa = PBXBuildFile; fileRef = 8460A6922117EC0700B51FB6 /* Roboto-LightItalic.ttf */; };
		84EC308D21142E5F000F5AC9 /* AppDelegate.swift in Sources */ = {isa = PBXBuildFile; fileRef = 84EC308C21142E5F000F5AC9 /* AppDelegate.swift */; };
		84EC308F21142E5F000F5AC9 /* ViewController.swift in Sources */ = {isa = PBXBuildFile; fileRef = 84EC308E21142E5F000F5AC9 /* ViewController.swift */; };
		84EC309221142E5F000F5AC9 /* Main.storyboard in Resources */ = {isa = PBXBuildFile; fileRef = 84EC309021142E5F000F5AC9 /* Main.storyboard */; };
		84EC309421142E61000F5AC9 /* Assets.xcassets in Resources */ = {isa = PBXBuildFile; fileRef = 84EC309321142E61000F5AC9 /* Assets.xcassets */; };
		84EC309721142E61000F5AC9 /* LaunchScreen.storyboard in Resources */ = {isa = PBXBuildFile; fileRef = 84EC309521142E61000F5AC9 /* LaunchScreen.storyboard */; };
		84EC30A221142E61000F5AC9 /* Session2Tests.swift in Sources */ = {isa = PBXBuildFile; fileRef = 84EC30A121142E61000F5AC9 /* Session2Tests.swift */; };
		84EC30AD21142E61000F5AC9 /* Session2UITests.swift in Sources */ = {isa = PBXBuildFile; fileRef = 84EC30AC21142E61000F5AC9 /* Session2UITests.swift */; };
/* End PBXBuildFile section */

/* Begin PBXContainerItemProxy section */
		84EC309E21142E61000F5AC9 /* PBXContainerItemProxy */ = {
			isa = PBXContainerItemProxy;
			containerPortal = 84EC308121142E5F000F5AC9 /* Project object */;
			proxyType = 1;
			remoteGlobalIDString = 84EC308821142E5F000F5AC9;
			remoteInfo = Session2;
		};
		84EC30A921142E61000F5AC9 /* PBXContainerItemProxy */ = {
			isa = PBXContainerItemProxy;
			containerPortal = 84EC308121142E5F000F5AC9 /* Project object */;
			proxyType = 1;
			remoteGlobalIDString = 84EC308821142E5F000F5AC9;
			remoteInfo = Session2;
		};
/* End PBXContainerItemProxy section */

/* Begin PBXFileReference section */
		840C0D0D21183A2400737072 /* send@2x.png */ = {isa = PBXFileReference; lastKnownFileType = image.png; name = "send@2x.png"; path = "../../../../../Downloads/send_2018-08-06-2/send@2x.png"; sourceTree = "<group>"; };
		840C0D0E21183A2500737072 /* send@3x.png */ = {isa = PBXFileReference; lastKnownFileType = image.png; name = "send@3x.png"; path = "../../../../../Downloads/send_2018-08-06-2/send@3x.png"; sourceTree = "<group>"; };
		840C0D0F21183A2500737072 /* send.png */ = {isa = PBXFileReference; lastKnownFileType = image.png; name = send.png; path = "../../../../../Downloads/send_2018-08-06-2/send.png"; sourceTree = "<group>"; };
		840C0D142118443A00737072 /* ForgotPassWordController.swift */ = {isa = PBXFileReference; lastKnownFileType = sourcecode.swift; path = ForgotPassWordController.swift; sourceTree = "<group>"; };
		840C0D152118443A00737072 /* ForgotPassWordController.xib */ = {isa = PBXFileReference; lastKnownFileType = file.xib; path = ForgotPassWordController.xib; sourceTree = "<group>"; };
		840C0D1A2118482500737072 /* paper-plane.png */ = {isa = PBXFileReference; lastKnownFileType = image.png; path = "paper-plane.png"; sourceTree = "<group>"; };
		840C0D302118658B00737072 /* HomeViewController.swift */ = {isa = PBXFileReference; lastKnownFileType = sourcecode.swift; path = HomeViewController.swift; sourceTree = "<group>"; };
		840C0D312118658B00737072 /* HomeViewController.xib */ = {isa = PBXFileReference; lastKnownFileType = file.xib; path = HomeViewController.xib; sourceTree = "<group>"; };
		840C0D342118659A00737072 /* ProfileViewController.swift */ = {isa = PBXFileReference; lastKnownFileType = sourcecode.swift; path = ProfileViewController.swift; sourceTree = "<group>"; };
		840C0D352118659A00737072 /* ProfileViewController.xib */ = {isa = PBXFileReference; lastKnownFileType = file.xib; path = ProfileViewController.xib; sourceTree = "<group>"; };
		8460A6822117EC0400B51FB6 /* Roboto-BlackItalic.ttf */ = {isa = PBXFileReference; lastKnownFileType = file; path = "Roboto-BlackItalic.ttf"; sourceTree = "<group>"; };
		8460A6832117EC0500B51FB6 /* Roboto-Black.ttf */ = {isa = PBXFileReference; lastKnownFileType = file; path = "Roboto-Black.ttf"; sourceTree = "<group>"; };
		8460A6842117EC0500B51FB6 /* Roboto-Bold.ttf */ = {isa = PBXFileReference; lastKnownFileType = file; path = "Roboto-Bold.ttf"; sourceTree = "<group>"; };
		8460A6852117EC0500B51FB6 /* Roboto-Light.ttf */ = {isa = PBXFileReference; lastKnownFileType = file; path = "Roboto-Light.ttf"; sourceTree = "<group>"; };
		8460A6862117EC0500B51FB6 /* Roboto-ThinItalic.ttf */ = {isa = PBXFileReference; lastKnownFileType = file; path = "Roboto-ThinItalic.ttf"; sourceTree = "<group>"; };
		8460A6872117EC0500B51FB6 /* Roboto-BoldCondensed.ttf */ = {isa = PBXFileReference; lastKnownFileType = file; path = "Roboto-BoldCondensed.ttf"; sourceTree = "<group>"; };
		8460A6882117EC0500B51FB6 /* Roboto-Italic.ttf */ = {isa = PBXFileReference; lastKnownFileType = file; path = "Roboto-Italic.ttf"; sourceTree = "<group>"; };
		8460A6892117EC0500B51FB6 /* Roboto-Thin.ttf */ = {isa = PBXFileReference; lastKnownFileType = file; path = "Roboto-Thin.ttf"; sourceTree = "<group>"; };
		8460A68A2117EC0600B51FB6 /* Roboto-Condensed.ttf */ = {isa = PBXFileReference; lastKnownFileType = file; path = "Roboto-Condensed.ttf"; sourceTree = "<group>"; };
		8460A68B2117EC0600B51FB6 /* Roboto-Regular.ttf */ = {isa = PBXFileReference; lastKnownFileType = file; path = "Roboto-Regular.ttf"; sourceTree = "<group>"; };
		8460A68C2117EC0600B51FB6 /* Roboto_Specimen_Book.pdf */ = {isa = PBXFileReference; lastKnownFileType = image.pdf; path = Roboto_Specimen_Book.pdf; sourceTree = "<group>"; };
		8460A68D2117EC0600B51FB6 /* Roboto-BoldItalic.ttf */ = {isa = PBXFileReference; lastKnownFileType = file; path = "Roboto-BoldItalic.ttf"; sourceTree = "<group>"; };
		8460A68E2117EC0600B51FB6 /* Roboto-Medium.ttf */ = {isa = PBXFileReference; lastKnownFileType = file; path = "Roboto-Medium.ttf"; sourceTree = "<group>"; };
		8460A68F2117EC0600B51FB6 /* Roboto-MediumItalic.ttf */ = {isa = PBXFileReference; lastKnownFileType = file; path = "Roboto-MediumItalic.ttf"; sourceTree = "<group>"; };
		8460A6902117EC0600B51FB6 /* Roboto-CondensedItalic.ttf */ = {isa = PBXFileReference; lastKnownFileType = file; path = "Roboto-CondensedItalic.ttf"; sourceTree = "<group>"; };
		8460A6912117EC0600B51FB6 /* Roboto-BoldCondensedItalic.ttf */ = {isa = PBXFileReference; lastKnownFileType = file; path = "Roboto-BoldCondensedItalic.ttf"; sourceTree = "<group>"; };
		8460A6922117EC0700B51FB6 /* Roboto-LightItalic.ttf */ = {isa = PBXFileReference; lastKnownFileType = file; path = "Roboto-LightItalic.ttf"; sourceTree = "<group>"; };
		84EC308921142E5F000F5AC9 /* Session2.app */ = {isa = PBXFileReference; explicitFileType = wrapper.application; includeInIndex = 0; path = Session2.app; sourceTree = BUILT_PRODUCTS_DIR; };
		84EC308C21142E5F000F5AC9 /* AppDelegate.swift */ = {isa = PBXFileReference; lastKnownFileType = sourcecode.swift; path = AppDelegate.swift; sourceTree = "<group>"; };
		84EC308E21142E5F000F5AC9 /* ViewController.swift */ = {isa = PBXFileReference; lastKnownFileType = sourcecode.swift; path = ViewController.swift; sourceTree = "<group>"; };
		84EC309121142E5F000F5AC9 /* Base */ = {isa = PBXFileReference; lastKnownFileType = file.storyboard; name = Base; path = Base.lproj/Main.storyboard; sourceTree = "<group>"; };
		84EC309321142E61000F5AC9 /* Assets.xcassets */ = {isa = PBXFileReference; lastKnownFileType = folder.assetcatalog; path = Assets.xcassets; sourceTree = "<group>"; };
		84EC309621142E61000F5AC9 /* Base */ = {isa = PBXFileReference; lastKnownFileType = file.storyboard; name = Base; path = Base.lproj/LaunchScreen.storyboard; sourceTree = "<group>"; };
		84EC309821142E61000F5AC9 /* Info.plist */ = {isa = PBXFileReference; lastKnownFileType = text.plist.xml; path = Info.plist; sourceTree = "<group>"; };
		84EC309D21142E61000F5AC9 /* Session2Tests.xctest */ = {isa = PBXFileReference; explicitFileType = wrapper.cfbundle; includeInIndex = 0; path = Session2Tests.xctest; sourceTree = BUILT_PRODUCTS_DIR; };
		84EC30A121142E61000F5AC9 /* Session2Tests.swift */ = {isa = PBXFileReference; lastKnownFileType = sourcecode.swift; path = Session2Tests.swift; sourceTree = "<group>"; };
		84EC30A321142E61000F5AC9 /* Info.plist */ = {isa = PBXFileReference; lastKnownFileType = text.plist.xml; path = Info.plist; sourceTree = "<group>"; };
		84EC30A821142E61000F5AC9 /* Session2UITests.xctest */ = {isa = PBXFileReference; explicitFileType = wrapper.cfbundle; includeInIndex = 0; path = Session2UITests.xctest; sourceTree = BUILT_PRODUCTS_DIR; };
		84EC30AC21142E61000F5AC9 /* Session2UITests.swift */ = {isa = PBXFileReference; lastKnownFileType = sourcecode.swift; path = Session2UITests.swift; sourceTree = "<group>"; };
		84EC30AE21142E61000F5AC9 /* Info.plist */ = {isa = PBXFileReference; lastKnownFileType = text.plist.xml; path = Info.plist; sourceTree = "<group>"; };
/* End PBXFileReference section */

/* Begin PBXFrameworksBuildPhase section */
		84EC308621142E5F000F5AC9 /* Frameworks */ = {
			isa = PBXFrameworksBuildPhase;
			buildActionMask = 2147483647;
			files = (
			);
			runOnlyForDeploymentPostprocessing = 0;
		};
		84EC309A21142E61000F5AC9 /* Frameworks */ = {
			isa = PBXFrameworksBuildPhase;
			buildActionMask = 2147483647;
			files = (
			);
			runOnlyForDeploymentPostprocessing = 0;
		};
		84EC30A521142E61000F5AC9 /* Frameworks */ = {
			isa = PBXFrameworksBuildPhase;
			buildActionMask = 2147483647;
			files = (
			);
			runOnlyForDeploymentPostprocessing = 0;
		};
/* End PBXFrameworksBuildPhase section */

/* Begin PBXGroup section */
		8460A6802117EBD400B51FB6 /* Resource */ = {
			isa = PBXGroup;
			children = (
				8460A6812117EBE000B51FB6 /* Fonts */,
			);
			path = Resource;
			sourceTree = "<group>";
		};
		8460A6812117EBE000B51FB6 /* Fonts */ = {
			isa = PBXGroup;
			children = (
				8460A68C2117EC0600B51FB6 /* Roboto_Specimen_Book.pdf */,
				8460A6832117EC0500B51FB6 /* Roboto-Black.ttf */,
				8460A6822117EC0400B51FB6 /* Roboto-BlackItalic.ttf */,
				8460A6842117EC0500B51FB6 /* Roboto-Bold.ttf */,
				8460A6872117EC0500B51FB6 /* Roboto-BoldCondensed.ttf */,
				8460A6912117EC0600B51FB6 /* Roboto-BoldCondensedItalic.ttf */,
				8460A68D2117EC0600B51FB6 /* Roboto-BoldItalic.ttf */,
				8460A68A2117EC0600B51FB6 /* Roboto-Condensed.ttf */,
				8460A6902117EC0600B51FB6 /* Roboto-CondensedItalic.ttf */,
				8460A6882117EC0500B51FB6 /* Roboto-Italic.ttf */,
				8460A6852117EC0500B51FB6 /* Roboto-Light.ttf */,
				8460A6922117EC0700B51FB6 /* Roboto-LightItalic.ttf */,
				8460A68E2117EC0600B51FB6 /* Roboto-Medium.ttf */,
				8460A68F2117EC0600B51FB6 /* Roboto-MediumItalic.ttf */,
				8460A68B2117EC0600B51FB6 /* Roboto-Regular.ttf */,
				8460A6892117EC0500B51FB6 /* Roboto-Thin.ttf */,
				8460A6862117EC0500B51FB6 /* Roboto-ThinItalic.ttf */,
			);
			path = Fonts;
			sourceTree = "<group>";
		};
		84EC308021142E5F000F5AC9 = {
			isa = PBXGroup;
			children = (
				84EC308B21142E5F000F5AC9 /* Session2 */,
				84EC30A021142E61000F5AC9 /* Session2Tests */,
				84EC30AB21142E61000F5AC9 /* Session2UITests */,
				84EC308A21142E5F000F5AC9 /* Products */,
			);
			sourceTree = "<group>";
		};
		84EC308A21142E5F000F5AC9 /* Products */ = {
			isa = PBXGroup;
			children = (
				84EC308921142E5F000F5AC9 /* Session2.app */,
				84EC309D21142E61000F5AC9 /* Session2Tests.xctest */,
				84EC30A821142E61000F5AC9 /* Session2UITests.xctest */,
			);
			name = Products;
			sourceTree = "<group>";
		};
		84EC308B21142E5F000F5AC9 /* Session2 */ = {
			isa = PBXGroup;
			children = (
				8460A6802117EBD400B51FB6 /* Resource */,
				84EC308C21142E5F000F5AC9 /* AppDelegate.swift */,
				84EC308E21142E5F000F5AC9 /* ViewController.swift */,
				84EC309021142E5F000F5AC9 /* Main.storyboard */,
				84EC309321142E61000F5AC9 /* Assets.xcassets */,
				840C0D1A2118482500737072 /* paper-plane.png */,
				840C0D0F21183A2500737072 /* send.png */,
				840C0D0D21183A2400737072 /* send@2x.png */,
				840C0D0E21183A2500737072 /* send@3x.png */,
				84EC309521142E61000F5AC9 /* LaunchScreen.storyboard */,
				84EC309821142E61000F5AC9 /* Info.plist */,
				840C0D142118443A00737072 /* ForgotPassWordController.swift */,
				840C0D152118443A00737072 /* ForgotPassWordController.xib */,
				840C0D302118658B00737072 /* HomeViewController.swift */,
				840C0D312118658B00737072 /* HomeViewController.xib */,
				840C0D342118659A00737072 /* ProfileViewController.swift */,
				840C0D352118659A00737072 /* ProfileViewController.xib */,
			);
			path = Session2;
			sourceTree = "<group>";
		};
		84EC30A021142E61000F5AC9 /* Session2Tests */ = {
			isa = PBXGroup;
			children = (
				84EC30A121142E61000F5AC9 /* Session2Tests.swift */,
				84EC30A321142E61000F5AC9 /* Info.plist */,
			);
			path = Session2Tests;
			sourceTree = "<group>";
		};
		84EC30AB21142E61000F5AC9 /* Session2UITests */ = {
			isa = PBXGroup;
			children = (
				84EC30AC21142E61000F5AC9 /* Session2UITests.swift */,
				84EC30AE21142E61000F5AC9 /* Info.plist */,
			);
			path = Session2UITests;
			sourceTree = "<group>";
		};
/* End PBXGroup section */

/* Begin PBXNativeTarget section */
		84EC308821142E5F000F5AC9 /* Session2 */ = {
			isa = PBXNativeTarget;
			buildConfigurationList = 84EC30B121142E61000F5AC9 /* Build configuration list for PBXNativeTarget "Session2" */;
			buildPhases = (
				84EC308521142E5F000F5AC9 /* Sources */,
				84EC308621142E5F000F5AC9 /* Frameworks */,
				84EC308721142E5F000F5AC9 /* Resources */,
			);
			buildRules = (
			);
			dependencies = (
			);
			name = Session2;
			productName = Session2;
			productReference = 84EC308921142E5F000F5AC9 /* Session2.app */;
			productType = "com.apple.product-type.application";
		};
		84EC309C21142E61000F5AC9 /* Session2Tests */ = {
			isa = PBXNativeTarget;
			buildConfigurationList = 84EC30B421142E61000F5AC9 /* Build configuration list for PBXNativeTarget "Session2Tests" */;
			buildPhases = (
				84EC309921142E61000F5AC9 /* Sources */,
				84EC309A21142E61000F5AC9 /* Frameworks */,
				84EC309B21142E61000F5AC9 /* Resources */,
			);
			buildRules = (
			);
			dependencies = (
				84EC309F21142E61000F5AC9 /* PBXTargetDependency */,
			);
			name = Session2Tests;
			productName = Session2Tests;
			productReference = 84EC309D21142E61000F5AC9 /* Session2Tests.xctest */;
			productType = "com.apple.product-type.bundle.unit-test";
		};
		84EC30A721142E61000F5AC9 /* Session2UITests */ = {
			isa = PBXNativeTarget;
			buildConfigurationList = 84EC30B721142E61000F5AC9 /* Build configuration list for PBXNativeTarget "Session2UITests" */;
			buildPhases = (
				84EC30A421142E61000F5AC9 /* Sources */,
				84EC30A521142E61000F5AC9 /* Frameworks */,
				84EC30A621142E61000F5AC9 /* Resources */,
			);
			buildRules = (
			);
			dependencies = (
				84EC30AA21142E61000F5AC9 /* PBXTargetDependency */,
			);
			name = Session2UITests;
			productName = Session2UITests;
			productReference = 84EC30A821142E61000F5AC9 /* Session2UITests.xctest */;
			productType = "com.apple.product-type.bundle.ui-testing";
		};
/* End PBXNativeTarget section */

/* Begin PBXProject section */
		84EC308121142E5F000F5AC9 /* Project object */ = {
			isa = PBXProject;
			attributes = {
				LastSwiftUpdateCheck = 0930;
				LastUpgradeCheck = 0930;
				ORGANIZATIONNAME = admin;
				TargetAttributes = {
					84EC308821142E5F000F5AC9 = {
						CreatedOnToolsVersion = 9.3.1;
					};
					84EC309C21142E61000F5AC9 = {
						CreatedOnToolsVersion = 9.3.1;
						TestTargetID = 84EC308821142E5F000F5AC9;
					};
					84EC30A721142E61000F5AC9 = {
						CreatedOnToolsVersion = 9.3.1;
						TestTargetID = 84EC308821142E5F000F5AC9;
					};
				};
			};
			buildConfigurationList = 84EC308421142E5F000F5AC9 /* Build configuration list for PBXProject "Session2" */;
			compatibilityVersion = "Xcode 9.3";
			developmentRegion = en;
			hasScannedForEncodings = 0;
			knownRegions = (
				en,
				Base,
			);
			mainGroup = 84EC308021142E5F000F5AC9;
			productRefGroup = 84EC308A21142E5F000F5AC9 /* Products */;
			projectDirPath = "";
			projectRoot = "";
			targets = (
				84EC308821142E5F000F5AC9 /* Session2 */,
				84EC309C21142E61000F5AC9 /* Session2Tests */,
				84EC30A721142E61000F5AC9 /* Session2UITests */,
			);
		};
/* End PBXProject section */

/* Begin PBXResourcesBuildPhase section */
		84EC308721142E5F000F5AC9 /* Resources */ = {
			isa = PBXResourcesBuildPhase;
			buildActionMask = 2147483647;
			files = (
				8460A69E2117EC0700B51FB6 /* Roboto-BoldItalic.ttf in Resources */,
				8460A6972117EC0700B51FB6 /* Roboto-ThinItalic.ttf in Resources */,
				840C0D172118443A00737072 /* ForgotPassWordController.xib in Resources */,
				8460A6992117EC0700B51FB6 /* Roboto-Italic.ttf in Resources */,
				8460A69D2117EC0700B51FB6 /* Roboto_Specimen_Book.pdf in Resources */,
				84EC309721142E61000F5AC9 /* LaunchScreen.storyboard in Resources */,
				8460A6A12117EC0700B51FB6 /* Roboto-CondensedItalic.ttf in Resources */,
				8460A6932117EC0700B51FB6 /* Roboto-BlackItalic.ttf in Resources */,
				84EC309421142E61000F5AC9 /* Assets.xcassets in Resources */,
				8460A69F2117EC0700B51FB6 /* Roboto-Medium.ttf in Resources */,
				8460A6982117EC0700B51FB6 /* Roboto-BoldCondensed.ttf in Resources */,
				8460A6942117EC0700B51FB6 /* Roboto-Black.ttf in Resources */,
				8460A6A32117EC0700B51FB6 /* Roboto-LightItalic.ttf in Resources */,
				8460A6952117EC0700B51FB6 /* Roboto-Bold.ttf in Resources */,
				84EC309221142E5F000F5AC9 /* Main.storyboard in Resources */,
				8460A69A2117EC0700B51FB6 /* Roboto-Thin.ttf in Resources */,
				840C0D332118658B00737072 /* HomeViewController.xib in Resources */,
				8460A69C2117EC0700B51FB6 /* Roboto-Regular.ttf in Resources */,
				840C0D372118659A00737072 /* ProfileViewController.xib in Resources */,
				8460A6A22117EC0700B51FB6 /* Roboto-BoldCondensedItalic.ttf in Resources */,
				8460A6962117EC0700B51FB6 /* Roboto-Light.ttf in Resources */,
				840C0D1B2118482600737072 /* paper-plane.png in Resources */,
				8460A6A02117EC0700B51FB6 /* Roboto-MediumItalic.ttf in Resources */,
				8460A69B2117EC0700B51FB6 /* Roboto-Condensed.ttf in Resources */,
			);
			runOnlyForDeploymentPostprocessing = 0;
		};
		84EC309B21142E61000F5AC9 /* Resources */ = {
			isa = PBXResourcesBuildPhase;
			buildActionMask = 2147483647;
			files = (
			);
			runOnlyForDeploymentPostprocessing = 0;
		};
		84EC30A621142E61000F5AC9 /* Resources */ = {
			isa = PBXResourcesBuildPhase;
			buildActionMask = 2147483647;
			files = (
			);
			runOnlyForDeploymentPostprocessing = 0;
		};
/* End PBXResourcesBuildPhase section */

/* Begin PBXSourcesBuildPhase section */
		84EC308521142E5F000F5AC9 /* Sources */ = {
			isa = PBXSourcesBuildPhase;
			buildActionMask = 2147483647;
			files = (
				840C0D162118443A00737072 /* ForgotPassWordController.swift in Sources */,
				84EC308F21142E5F000F5AC9 /* ViewController.swift in Sources */,
				840C0D362118659A00737072 /* ProfileViewController.swift in Sources */,
				84EC308D21142E5F000F5AC9 /* AppDelegate.swift in Sources */,
				840C0D322118658B00737072 /* HomeViewController.swift in Sources */,
			);
			runOnlyForDeploymentPostprocessing = 0;
		};
		84EC309921142E61000F5AC9 /* Sources */ = {
			isa = PBXSourcesBuildPhase;
			buildActionMask = 2147483647;
			files = (
				84EC30A221142E61000F5AC9 /* Session2Tests.swift in Sources */,
			);
			runOnlyForDeploymentPostprocessing = 0;
		};
		84EC30A421142E61000F5AC9 /* Sources */ = {
			isa = PBXSourcesBuildPhase;
			buildActionMask = 2147483647;
			files = (
				84EC30AD21142E61000F5AC9 /* Session2UITests.swift in Sources */,
			);
			runOnlyForDeploymentPostprocessing = 0;
		};
/* End PBXSourcesBuildPhase section */

/* Begin PBXTargetDependency section */
		84EC309F21142E61000F5AC9 /* PBXTargetDependency */ = {
			isa = PBXTargetDependency;
			target = 84EC308821142E5F000F5AC9 /* Session2 */;
			targetProxy = 84EC309E21142E61000F5AC9 /* PBXContainerItemProxy */;
		};
		84EC30AA21142E61000F5AC9 /* PBXTargetDependency */ = {
			isa = PBXTargetDependency;
			target = 84EC308821142E5F000F5AC9 /* Session2 */;
			targetProxy = 84EC30A921142E61000F5AC9 /* PBXContainerItemProxy */;
		};
/* End PBXTargetDependency section */

/* Begin PBXVariantGroup section */
		84EC309021142E5F000F5AC9 /* Main.storyboard */ = {
			isa = PBXVariantGroup;
			children = (
				84EC309121142E5F000F5AC9 /* Base */,
			);
			name = Main.storyboard;
			sourceTree = "<group>";
		};
		84EC309521142E61000F5AC9 /* LaunchScreen.storyboard */ = {
			isa = PBXVariantGroup;
			children = (
				84EC309621142E61000F5AC9 /* Base */,
			);
			name = LaunchScreen.storyboard;
			sourceTree = "<group>";
		};
/* End PBXVariantGroup section */

/* Begin XCBuildConfiguration section */
		84EC30AF21142E61000F5AC9 /* Debug */ = {
			isa = XCBuildConfiguration;
			buildSettings = {
				ALWAYS_SEARCH_USER_PATHS = NO;
				CLANG_ANALYZER_NONNULL = YES;
				CLANG_ANALYZER_NUMBER_OBJECT_CONVERSION = YES_AGGRESSIVE;
				CLANG_CXX_LANGUAGE_STANDARD = "gnu++14";
				CLANG_CXX_LIBRARY = "libc++";
				CLANG_ENABLE_MODULES = YES;
				CLANG_ENABLE_OBJC_ARC = YES;
				CLANG_ENABLE_OBJC_WEAK = YES;
				CLANG_WARN_BLOCK_CAPTURE_AUTORELEASING = YES;
				CLANG_WARN_BOOL_CONVERSION = YES;
				CLANG_WARN_COMMA = YES;
				CLANG_WARN_CONSTANT_CONVERSION = YES;
				CLANG_WARN_DEPRECATED_OBJC_IMPLEMENTATIONS = YES;
				CLANG_WARN_DIRECT_OBJC_ISA_USAGE = YES_ERROR;
				CLANG_WARN_DOCUMENTATION_COMMENTS = YES;
				CLANG_WARN_EMPTY_BODY = YES;
				CLANG_WARN_ENUM_CONVERSION = YES;
				CLANG_WARN_INFINITE_RECURSION = YES;
				CLANG_WARN_INT_CONVERSION = YES;
				CLANG_WARN_NON_LITERAL_NULL_CONVERSION = YES;
				CLANG_WARN_OBJC_IMPLICIT_RETAIN_SELF = YES;
				CLANG_WARN_OBJC_LITERAL_CONVERSION = YES;
				CLANG_WARN_OBJC_ROOT_CLASS = YES_ERROR;
				CLANG_WARN_RANGE_LOOP_ANALYSIS = YES;
				CLANG_WARN_STRICT_PROTOTYPES = YES;
				CLANG_WARN_SUSPICIOUS_MOVE = YES;
				CLANG_WARN_UNGUARDED_AVAILABILITY = YES_AGGRESSIVE;
				CLANG_WARN_UNREACHABLE_CODE = YES;
				CLANG_WARN__DUPLICATE_METHOD_MATCH = YES;
				CODE_SIGN_IDENTITY = "iPhone Developer";
				COPY_PHASE_STRIP = NO;
				DEBUG_INFORMATION_FORMAT = dwarf;
				ENABLE_STRICT_OBJC_MSGSEND = YES;
				ENABLE_TESTABILITY = YES;
				GCC_C_LANGUAGE_STANDARD = gnu11;
				GCC_DYNAMIC_NO_PIC = NO;
				GCC_NO_COMMON_BLOCKS = YES;
				GCC_OPTIMIZATION_LEVEL = 0;
				GCC_PREPROCESSOR_DEFINITIONS = (
					"DEBUG=1",
					"$(inherited)",
				);
				GCC_WARN_64_TO_32_BIT_CONVERSION = YES;
				GCC_WARN_ABOUT_RETURN_TYPE = YES_ERROR;
				GCC_WARN_UNDECLARED_SELECTOR = YES;
				GCC_WARN_UNINITIALIZED_AUTOS = YES_AGGRESSIVE;
				GCC_WARN_UNUSED_FUNCTION = YES;
				GCC_WARN_UNUSED_VARIABLE = YES;
				IPHONEOS_DEPLOYMENT_TARGET = 11.3;
				MTL_ENABLE_DEBUG_INFO = YES;
				ONLY_ACTIVE_ARCH = YES;
				SDKROOT = iphoneos;
				SWIFT_ACTIVE_COMPILATION_CONDITIONS = DEBUG;
				SWIFT_OPTIMIZATION_LEVEL = "-Onone";
			};
			name = Debug;
		};
		84EC30B021142E61000F5AC9 /* Release */ = {
			isa = XCBuildConfiguration;
			buildSettings = {
				ALWAYS_SEARCH_USER_PATHS = NO;
				CLANG_ANALYZER_NONNULL = YES;
				CLANG_ANALYZER_NUMBER_OBJECT_CONVERSION = YES_AGGRESSIVE;
				CLANG_CXX_LANGUAGE_STANDARD = "gnu++14";
				CLANG_CXX_LIBRARY = "libc++";
				CLANG_ENABLE_MODULES = YES;
				CLANG_ENABLE_OBJC_ARC = YES;
				CLANG_ENABLE_OBJC_WEAK = YES;
				CLANG_WARN_BLOCK_CAPTURE_AUTORELEASING = YES;
				CLANG_WARN_BOOL_CONVERSION = YES;
				CLANG_WARN_COMMA = YES;
				CLANG_WARN_CONSTANT_CONVERSION = YES;
				CLANG_WARN_DEPRECATED_OBJC_IMPLEMENTATIONS = YES;
				CLANG_WARN_DIRECT_OBJC_ISA_USAGE = YES_ERROR;
				CLANG_WARN_DOCUMENTATION_COMMENTS = YES;
				CLANG_WARN_EMPTY_BODY = YES;
				CLANG_WARN_ENUM_CONVERSION = YES;
				CLANG_WARN_INFINITE_RECURSION = YES;
				CLANG_WARN_INT_CONVERSION = YES;
				CLANG_WARN_NON_LITERAL_NULL_CONVERSION = YES;
				CLANG_WARN_OBJC_IMPLICIT_RETAIN_SELF = YES;
				CLANG_WARN_OBJC_LITERAL_CONVERSION = YES;
				CLANG_WARN_OBJC_ROOT_CLASS = YES_ERROR;
				CLANG_WARN_RANGE_LOOP_ANALYSIS = YES;
				CLANG_WARN_STRICT_PROTOTYPES = YES;
				CLANG_WARN_SUSPICIOUS_MOVE = YES;
				CLANG_WARN_UNGUARDED_AVAILABILITY = YES_AGGRESSIVE;
				CLANG_WARN_UNREACHABLE_CODE = YES;
				CLANG_WARN__DUPLICATE_METHOD_MATCH = YES;
				CODE_SIGN_IDENTITY = "iPhone Developer";
				COPY_PHASE_STRIP = NO;
				DEBUG_INFORMATION_FORMAT = "dwarf-with-dsym";
				ENABLE_NS_ASSERTIONS = NO;
				ENABLE_STRICT_OBJC_MSGSEND = YES;
				GCC_C_LANGUAGE_STANDARD = gnu11;
				GCC_NO_COMMON_BLOCKS = YES;
				GCC_WARN_64_TO_32_BIT_CONVERSION = YES;
				GCC_WARN_ABOUT_RETURN_TYPE = YES_ERROR;
				GCC_WARN_UNDECLARED_SELECTOR = YES;
				GCC_WARN_UNINITIALIZED_AUTOS = YES_AGGRESSIVE;
				GCC_WARN_UNUSED_FUNCTION = YES;
				GCC_WARN_UNUSED_VARIABLE = YES;
				IPHONEOS_DEPLOYMENT_TARGET = 11.3;
				MTL_ENABLE_DEBUG_INFO = NO;
				SDKROOT = iphoneos;
				SWIFT_COMPILATION_MODE = wholemodule;
				SWIFT_OPTIMIZATION_LEVEL = "-O";
				VALIDATE_PRODUCT = YES;
			};
			name = Release;
		};
		84EC30B221142E61000F5AC9 /* Debug */ = {
			isa = XCBuildConfiguration;
			buildSettings = {
				ASSETCATALOG_COMPILER_APPICON_NAME = AppIcon;
				CODE_SIGN_STYLE = Automatic;
				INFOPLIST_FILE = Session2/Info.plist;
				LD_RUNPATH_SEARCH_PATHS = (
					"$(inherited)",
					"@executable_path/Frameworks",
				);
				PRODUCT_BUNDLE_IDENTIFIER = gem.fresher.Session2;
				PRODUCT_NAME = "$(TARGET_NAME)";
				SWIFT_VERSION = 4.0;
				TARGETED_DEVICE_FAMILY = "1,2";
			};
			name = Debug;
		};
		84EC30B321142E61000F5AC9 /* Release */ = {
			isa = XCBuildConfiguration;
			buildSettings = {
				ASSETCATALOG_COMPILER_APPICON_NAME = AppIcon;
				CODE_SIGN_STYLE = Automatic;
				INFOPLIST_FILE = Session2/Info.plist;
				LD_RUNPATH_SEARCH_PATHS = (
					"$(inherited)",
					"@executable_path/Frameworks",
				);
				PRODUCT_BUNDLE_IDENTIFIER = gem.fresher.Session2;
				PRODUCT_NAME = "$(TARGET_NAME)";
				SWIFT_VERSION = 4.0;
				TARGETED_DEVICE_FAMILY = "1,2";
			};
			name = Release;
		};
		84EC30B521142E61000F5AC9 /* Debug */ = {
			isa = XCBuildConfiguration;
			buildSettings = {
				ALWAYS_EMBED_SWIFT_STANDARD_LIBRARIES = YES;
				BUNDLE_LOADER = "$(TEST_HOST)";
				CODE_SIGN_STYLE = Automatic;
				INFOPLIST_FILE = Session2Tests/Info.plist;
				LD_RUNPATH_SEARCH_PATHS = (
					"$(inherited)",
					"@executable_path/Frameworks",
					"@loader_path/Frameworks",
				);
				PRODUCT_BUNDLE_IDENTIFIER = gem.fresher.Session2Tests;
				PRODUCT_NAME = "$(TARGET_NAME)";
				SWIFT_VERSION = 4.0;
				TARGETED_DEVICE_FAMILY = "1,2";
				TEST_HOST = "$(BUILT_PRODUCTS_DIR)/Session2.app/Session2";
			};
			name = Debug;
		};
		84EC30B621142E61000F5AC9 /* Release */ = {
			isa = XCBuildConfiguration;
			buildSettings = {
				ALWAYS_EMBED_SWIFT_STANDARD_LIBRARIES = YES;
				BUNDLE_LOADER = "$(TEST_HOST)";
				CODE_SIGN_STYLE = Automatic;
				INFOPLIST_FILE = Session2Tests/Info.plist;
				LD_RUNPATH_SEARCH_PATHS = (
					"$(inherited)",
					"@executable_path/Frameworks",
					"@loader_path/Frameworks",
				);
				PRODUCT_BUNDLE_IDENTIFIER = gem.fresher.Session2Tests;
				PRODUCT_NAME = "$(TARGET_NAME)";
				SWIFT_VERSION = 4.0;
				TARGETED_DEVICE_FAMILY = "1,2";
				TEST_HOST = "$(BUILT_PRODUCTS_DIR)/Session2.app/Session2";
			};
			name = Release;
		};
		84EC30B821142E61000F5AC9 /* Debug */ = {
			isa = XCBuildConfiguration;
			buildSettings = {
				ALWAYS_EMBED_SWIFT_STANDARD_LIBRARIES = YES;
				CODE_SIGN_STYLE = Automatic;
				INFOPLIST_FILE = Session2UITests/Info.plist;
				LD_RUNPATH_SEARCH_PATHS = (
					"$(inherited)",
					"@executable_path/Frameworks",
					"@loader_path/Frameworks",
				);
				PRODUCT_BUNDLE_IDENTIFIER = gem.fresher.Session2UITests;
				PRODUCT_NAME = "$(TARGET_NAME)";
				SWIFT_VERSION = 4.0;
				TARGETED_DEVICE_FAMILY = "1,2";
				TEST_TARGET_NAME = Session2;
			};
			name = Debug;
		};
		84EC30B921142E61000F5AC9 /* Release */ = {
			isa = XCBuildConfiguration;
			buildSettings = {
				ALWAYS_EMBED_SWIFT_STANDARD_LIBRARIES = YES;
				CODE_SIGN_STYLE = Automatic;
				INFOPLIST_FILE = Session2UITests/Info.plist;
				LD_RUNPATH_SEARCH_PATHS = (
					"$(inherited)",
					"@executable_path/Frameworks",
					"@loader_path/Frameworks",
				);
				PRODUCT_BUNDLE_IDENTIFIER = gem.fresher.Session2UITests;
				PRODUCT_NAME = "$(TARGET_NAME)";
				SWIFT_VERSION = 4.0;
				TARGETED_DEVICE_FAMILY = "1,2";
				TEST_TARGET_NAME = Session2;
			};
			name = Release;
		};
/* End XCBuildConfiguration section */

/* Begin XCConfigurationList section */
		84EC308421142E5F000F5AC9 /* Build configuration list for PBXProject "Session2" */ = {
			isa = XCConfigurationList;
			buildConfigurations = (
				84EC30AF21142E61000F5AC9 /* Debug */,
				84EC30B021142E61000F5AC9 /* Release */,
			);
			defaultConfigurationIsVisible = 0;
			defaultConfigurationName = Release;
		};
		84EC30B121142E61000F5AC9 /* Build configuration list for PBXNativeTarget "Session2" */ = {
			isa = XCConfigurationList;
			buildConfigurations = (
				84EC30B221142E61000F5AC9 /* Debug */,
				84EC30B321142E61000F5AC9 /* Release */,
			);
			defaultConfigurationIsVisible = 0;
			defaultConfigurationName = Release;
		};
		84EC30B421142E61000F5AC9 /* Build configuration list for PBXNativeTarget "Session2Tests" */ = {
			isa = XCConfigurationList;
			buildConfigurations = (
				84EC30B521142E61000F5AC9 /* Debug */,
				84EC30B621142E61000F5AC9 /* Release */,
			);
			defaultConfigurationIsVisible = 0;
			defaultConfigurationName = Release;
		};
		84EC30B721142E61000F5AC9 /* Build configuration list for PBXNativeTarget "Session2UITests" */ = {
			isa = XCConfigurationList;
			buildConfigurations = (
				84EC30B821142E61000F5AC9 /* Debug */,
				84EC30B921142E61000F5AC9 /* Release */,
			);
			defaultConfigurationIsVisible = 0;
			defaultConfigurationName = Release;
		};
/* End XCConfigurationList section */
	};
	rootObject = 84EC308121142E5F000F5AC9 /* Project object */;
}
