// !$*UTF8*$!
{
	archiveVersion = 1;
	classes = {
	};
	objectVersion = 50;
	objects = {

/* Begin PBXBuildFile section */
		1D4252EC2117ED2D00DC95A3 /* Roboto-Black.ttf in Resources */ = {isa = PBXBuildFile; fileRef = 1D4252DA2117ED2B00DC95A3 /* Roboto-Black.ttf */; };
		1D4252ED2117ED2D00DC95A3 /* Roboto-LightItalic.ttf in Resources */ = {isa = PBXBuildFile; fileRef = 1D4252DB2117ED2B00DC95A3 /* Roboto-LightItalic.ttf */; };
		1D4252EE2117ED2D00DC95A3 /* Roboto-BoldCondensed.ttf in Resources */ = {isa = PBXBuildFile; fileRef = 1D4252DC2117ED2B00DC95A3 /* Roboto-BoldCondensed.ttf */; };
		1D4252EF2117ED2D00DC95A3 /* Roboto-CondensedItalic.ttf in Resources */ = {isa = PBXBuildFile; fileRef = 1D4252DD2117ED2B00DC95A3 /* Roboto-CondensedItalic.ttf */; };
		1D4252F02117ED2D00DC95A3 /* Roboto-BoldCondensedItalic.ttf in Resources */ = {isa = PBXBuildFile; fileRef = 1D4252DE2117ED2B00DC95A3 /* Roboto-BoldCondensedItalic.ttf */; };
		1D4252F12117ED2D00DC95A3 /* Roboto-Thin.ttf in Resources */ = {isa = PBXBuildFile; fileRef = 1D4252DF2117ED2B00DC95A3 /* Roboto-Thin.ttf */; };
		1D4252F22117ED2D00DC95A3 /* Roboto-ThinItalic.ttf in Resources */ = {isa = PBXBuildFile; fileRef = 1D4252E02117ED2B00DC95A3 /* Roboto-ThinItalic.ttf */; };
		1D4252F32117ED2D00DC95A3 /* Roboto-BoldItalic.ttf in Resources */ = {isa = PBXBuildFile; fileRef = 1D4252E12117ED2B00DC95A3 /* Roboto-BoldItalic.ttf */; };
		1D4252F42117ED2D00DC95A3 /* Roboto_Specimen_Book.pdf in Resources */ = {isa = PBXBuildFile; fileRef = 1D4252E22117ED2C00DC95A3 /* Roboto_Specimen_Book.pdf */; };
		1D4252F52117ED2D00DC95A3 /* Roboto-Medium.ttf in Resources */ = {isa = PBXBuildFile; fileRef = 1D4252E32117ED2C00DC95A3 /* Roboto-Medium.ttf */; };
		1D4252F62117ED2D00DC95A3 /* NOTICE.txt in Resources */ = {isa = PBXBuildFile; fileRef = 1D4252E42117ED2C00DC95A3 /* NOTICE.txt */; };
		1D4252F72117ED2D00DC95A3 /* Roboto-Condensed.ttf in Resources */ = {isa = PBXBuildFile; fileRef = 1D4252E52117ED2C00DC95A3 /* Roboto-Condensed.ttf */; };
		1D4252F82117ED2D00DC95A3 /* Roboto-Light.ttf in Resources */ = {isa = PBXBuildFile; fileRef = 1D4252E62117ED2C00DC95A3 /* Roboto-Light.ttf */; };
		1D4252F92117ED2D00DC95A3 /* Roboto-BlackItalic.ttf in Resources */ = {isa = PBXBuildFile; fileRef = 1D4252E72117ED2C00DC95A3 /* Roboto-BlackItalic.ttf */; };
		1D4252FA2117ED2D00DC95A3 /* Roboto-Italic.ttf in Resources */ = {isa = PBXBuildFile; fileRef = 1D4252E82117ED2C00DC95A3 /* Roboto-Italic.ttf */; };
		1D4252FB2117ED2D00DC95A3 /* Roboto-Bold.ttf in Resources */ = {isa = PBXBuildFile; fileRef = 1D4252E92117ED2C00DC95A3 /* Roboto-Bold.ttf */; };
		1D4252FC2117ED2D00DC95A3 /* Roboto-MediumItalic.ttf in Resources */ = {isa = PBXBuildFile; fileRef = 1D4252EA2117ED2D00DC95A3 /* Roboto-MediumItalic.ttf */; };
		1D4252FD2117ED2D00DC95A3 /* Roboto-Regular.ttf in Resources */ = {isa = PBXBuildFile; fileRef = 1D4252EB2117ED2D00DC95A3 /* Roboto-Regular.ttf */; };
		1D42532A21183B5500DC95A3 /* ForgotPasswordController.swift in Sources */ = {isa = PBXBuildFile; fileRef = 1D42532821183B5500DC95A3 /* ForgotPasswordController.swift */; };
		1D42532B21183B5500DC95A3 /* ForgotPasswordController.xib in Resources */ = {isa = PBXBuildFile; fileRef = 1D42532921183B5500DC95A3 /* ForgotPasswordController.xib */; };
		1D42532E211854D100DC95A3 /* HomeController.swift in Sources */ = {isa = PBXBuildFile; fileRef = 1D42532C211854D100DC95A3 /* HomeController.swift */; };
		1D42532F211854D100DC95A3 /* HomeController.xib in Resources */ = {isa = PBXBuildFile; fileRef = 1D42532D211854D100DC95A3 /* HomeController.xib */; };
		1D425332211854E600DC95A3 /* ProfileController.swift in Sources */ = {isa = PBXBuildFile; fileRef = 1D425330211854E600DC95A3 /* ProfileController.swift */; };
		1D425333211854E600DC95A3 /* ProfileController.xib in Resources */ = {isa = PBXBuildFile; fileRef = 1D425331211854E600DC95A3 /* ProfileController.xib */; };
		844FEB3021143A130035952C /* AppDelegate.swift in Sources */ = {isa = PBXBuildFile; fileRef = 844FEB2F21143A130035952C /* AppDelegate.swift */; };
		844FEB3221143A130035952C /* ViewController.swift in Sources */ = {isa = PBXBuildFile; fileRef = 844FEB3121143A130035952C /* ViewController.swift */; };
		844FEB3521143A130035952C /* Main.storyboard in Resources */ = {isa = PBXBuildFile; fileRef = 844FEB3321143A130035952C /* Main.storyboard */; };
		844FEB3721143A140035952C /* Assets.xcassets in Resources */ = {isa = PBXBuildFile; fileRef = 844FEB3621143A140035952C /* Assets.xcassets */; };
		844FEB3A21143A140035952C /* LaunchScreen.storyboard in Resources */ = {isa = PBXBuildFile; fileRef = 844FEB3821143A140035952C /* LaunchScreen.storyboard */; };
/* End PBXBuildFile section */

/* Begin PBXFileReference section */
		1D4252DA2117ED2B00DC95A3 /* Roboto-Black.ttf */ = {isa = PBXFileReference; lastKnownFileType = file; path = "Roboto-Black.ttf"; sourceTree = "<group>"; };
		1D4252DB2117ED2B00DC95A3 /* Roboto-LightItalic.ttf */ = {isa = PBXFileReference; lastKnownFileType = file; path = "Roboto-LightItalic.ttf"; sourceTree = "<group>"; };
		1D4252DC2117ED2B00DC95A3 /* Roboto-BoldCondensed.ttf */ = {isa = PBXFileReference; lastKnownFileType = file; path = "Roboto-BoldCondensed.ttf"; sourceTree = "<group>"; };
		1D4252DD2117ED2B00DC95A3 /* Roboto-CondensedItalic.ttf */ = {isa = PBXFileReference; lastKnownFileType = file; path = "Roboto-CondensedItalic.ttf"; sourceTree = "<group>"; };
		1D4252DE2117ED2B00DC95A3 /* Roboto-BoldCondensedItalic.ttf */ = {isa = PBXFileReference; lastKnownFileType = file; path = "Roboto-BoldCondensedItalic.ttf"; sourceTree = "<group>"; };
		1D4252DF2117ED2B00DC95A3 /* Roboto-Thin.ttf */ = {isa = PBXFileReference; lastKnownFileType = file; path = "Roboto-Thin.ttf"; sourceTree = "<group>"; };
		1D4252E02117ED2B00DC95A3 /* Roboto-ThinItalic.ttf */ = {isa = PBXFileReference; lastKnownFileType = file; path = "Roboto-ThinItalic.ttf"; sourceTree = "<group>"; };
		1D4252E12117ED2B00DC95A3 /* Roboto-BoldItalic.ttf */ = {isa = PBXFileReference; lastKnownFileType = file; path = "Roboto-BoldItalic.ttf"; sourceTree = "<group>"; };
		1D4252E22117ED2C00DC95A3 /* Roboto_Specimen_Book.pdf */ = {isa = PBXFileReference; lastKnownFileType = image.pdf; path = Roboto_Specimen_Book.pdf; sourceTree = "<group>"; };
		1D4252E32117ED2C00DC95A3 /* Roboto-Medium.ttf */ = {isa = PBXFileReference; lastKnownFileType = file; path = "Roboto-Medium.ttf"; sourceTree = "<group>"; };
		1D4252E42117ED2C00DC95A3 /* NOTICE.txt */ = {isa = PBXFileReference; fileEncoding = 4; lastKnownFileType = text; path = NOTICE.txt; sourceTree = "<group>"; };
		1D4252E52117ED2C00DC95A3 /* Roboto-Condensed.ttf */ = {isa = PBXFileReference; lastKnownFileType = file; path = "Roboto-Condensed.ttf"; sourceTree = "<group>"; };
		1D4252E62117ED2C00DC95A3 /* Roboto-Light.ttf */ = {isa = PBXFileReference; lastKnownFileType = file; path = "Roboto-Light.ttf"; sourceTree = "<group>"; };
		1D4252E72117ED2C00DC95A3 /* Roboto-BlackItalic.ttf */ = {isa = PBXFileReference; lastKnownFileType = file; path = "Roboto-BlackItalic.ttf"; sourceTree = "<group>"; };
		1D4252E82117ED2C00DC95A3 /* Roboto-Italic.ttf */ = {isa = PBXFileReference; lastKnownFileType = file; path = "Roboto-Italic.ttf"; sourceTree = "<group>"; };
		1D4252E92117ED2C00DC95A3 /* Roboto-Bold.ttf */ = {isa = PBXFileReference; lastKnownFileType = file; path = "Roboto-Bold.ttf"; sourceTree = "<group>"; };
		1D4252EA2117ED2D00DC95A3 /* Roboto-MediumItalic.ttf */ = {isa = PBXFileReference; lastKnownFileType = file; path = "Roboto-MediumItalic.ttf"; sourceTree = "<group>"; };
		1D4252EB2117ED2D00DC95A3 /* Roboto-Regular.ttf */ = {isa = PBXFileReference; lastKnownFileType = file; path = "Roboto-Regular.ttf"; sourceTree = "<group>"; };
		1D42532821183B5500DC95A3 /* ForgotPasswordController.swift */ = {isa = PBXFileReference; lastKnownFileType = sourcecode.swift; path = ForgotPasswordController.swift; sourceTree = "<group>"; };
		1D42532921183B5500DC95A3 /* ForgotPasswordController.xib */ = {isa = PBXFileReference; lastKnownFileType = file.xib; path = ForgotPasswordController.xib; sourceTree = "<group>"; };
		1D42532C211854D100DC95A3 /* HomeController.swift */ = {isa = PBXFileReference; lastKnownFileType = sourcecode.swift; path = HomeController.swift; sourceTree = "<group>"; };
		1D42532D211854D100DC95A3 /* HomeController.xib */ = {isa = PBXFileReference; lastKnownFileType = file.xib; path = HomeController.xib; sourceTree = "<group>"; };
		1D425330211854E600DC95A3 /* ProfileController.swift */ = {isa = PBXFileReference; lastKnownFileType = sourcecode.swift; path = ProfileController.swift; sourceTree = "<group>"; };
		1D425331211854E600DC95A3 /* ProfileController.xib */ = {isa = PBXFileReference; lastKnownFileType = file.xib; path = ProfileController.xib; sourceTree = "<group>"; };
		844FEB2C21143A130035952C /* DemoUIComponents.app */ = {isa = PBXFileReference; explicitFileType = wrapper.application; includeInIndex = 0; path = DemoUIComponents.app; sourceTree = BUILT_PRODUCTS_DIR; };
		844FEB2F21143A130035952C /* AppDelegate.swift */ = {isa = PBXFileReference; lastKnownFileType = sourcecode.swift; path = AppDelegate.swift; sourceTree = "<group>"; };
		844FEB3121143A130035952C /* ViewController.swift */ = {isa = PBXFileReference; lastKnownFileType = sourcecode.swift; path = ViewController.swift; sourceTree = "<group>"; };
		844FEB3421143A130035952C /* Base */ = {isa = PBXFileReference; lastKnownFileType = file.storyboard; name = Base; path = Base.lproj/Main.storyboard; sourceTree = "<group>"; };
		844FEB3621143A140035952C /* Assets.xcassets */ = {isa = PBXFileReference; lastKnownFileType = folder.assetcatalog; path = Assets.xcassets; sourceTree = "<group>"; };
		844FEB3921143A140035952C /* Base */ = {isa = PBXFileReference; lastKnownFileType = file.storyboard; name = Base; path = Base.lproj/LaunchScreen.storyboard; sourceTree = "<group>"; };
		844FEB3B21143A140035952C /* Info.plist */ = {isa = PBXFileReference; lastKnownFileType = text.plist.xml; path = Info.plist; sourceTree = "<group>"; };
/* End PBXFileReference section */

/* Begin PBXFrameworksBuildPhase section */
		844FEB2921143A130035952C /* Frameworks */ = {
			isa = PBXFrameworksBuildPhase;
			buildActionMask = 2147483647;
			files = (
			);
			runOnlyForDeploymentPostprocessing = 0;
		};
/* End PBXFrameworksBuildPhase section */

/* Begin PBXGroup section */
		1D4252D72117EC2800DC95A3 /* Resource */ = {
			isa = PBXGroup;
			children = (
				1D4252D92117ED1B00DC95A3 /* Fonts */,
			);
			path = Resource;
			sourceTree = "<group>";
		};
		1D4252D92117ED1B00DC95A3 /* Fonts */ = {
			isa = PBXGroup;
			children = (
				1D4252E42117ED2C00DC95A3 /* NOTICE.txt */,
				1D4252E22117ED2C00DC95A3 /* Roboto_Specimen_Book.pdf */,
				1D4252DA2117ED2B00DC95A3 /* Roboto-Black.ttf */,
				1D4252E72117ED2C00DC95A3 /* Roboto-BlackItalic.ttf */,
				1D4252E92117ED2C00DC95A3 /* Roboto-Bold.ttf */,
				1D4252DC2117ED2B00DC95A3 /* Roboto-BoldCondensed.ttf */,
				1D4252DE2117ED2B00DC95A3 /* Roboto-BoldCondensedItalic.ttf */,
				1D4252E12117ED2B00DC95A3 /* Roboto-BoldItalic.ttf */,
				1D4252E52117ED2C00DC95A3 /* Roboto-Condensed.ttf */,
				1D4252DD2117ED2B00DC95A3 /* Roboto-CondensedItalic.ttf */,
				1D4252E82117ED2C00DC95A3 /* Roboto-Italic.ttf */,
				1D4252E62117ED2C00DC95A3 /* Roboto-Light.ttf */,
				1D4252DB2117ED2B00DC95A3 /* Roboto-LightItalic.ttf */,
				1D4252E32117ED2C00DC95A3 /* Roboto-Medium.ttf */,
				1D4252EA2117ED2D00DC95A3 /* Roboto-MediumItalic.ttf */,
				1D4252EB2117ED2D00DC95A3 /* Roboto-Regular.ttf */,
				1D4252DF2117ED2B00DC95A3 /* Roboto-Thin.ttf */,
				1D4252E02117ED2B00DC95A3 /* Roboto-ThinItalic.ttf */,
			);
			path = Fonts;
			sourceTree = "<group>";
		};
		844FEB2321143A120035952C = {
			isa = PBXGroup;
			children = (
				844FEB2E21143A130035952C /* DemoUIComponents */,
				844FEB2D21143A130035952C /* Products */,
			);
			sourceTree = "<group>";
		};
		844FEB2D21143A130035952C /* Products */ = {
			isa = PBXGroup;
			children = (
				844FEB2C21143A130035952C /* DemoUIComponents.app */,
			);
			name = Products;
			sourceTree = "<group>";
		};
		844FEB2E21143A130035952C /* DemoUIComponents */ = {
			isa = PBXGroup;
			children = (
				1D4252D72117EC2800DC95A3 /* Resource */,
				844FEB2F21143A130035952C /* AppDelegate.swift */,
				844FEB3121143A130035952C /* ViewController.swift */,
				844FEB3321143A130035952C /* Main.storyboard */,
				844FEB3621143A140035952C /* Assets.xcassets */,
				844FEB3821143A140035952C /* LaunchScreen.storyboard */,
				844FEB3B21143A140035952C /* Info.plist */,
				1D42532821183B5500DC95A3 /* ForgotPasswordController.swift */,
				1D42532921183B5500DC95A3 /* ForgotPasswordController.xib */,
				1D42532C211854D100DC95A3 /* HomeController.swift */,
				1D42532D211854D100DC95A3 /* HomeController.xib */,
				1D425330211854E600DC95A3 /* ProfileController.swift */,
				1D425331211854E600DC95A3 /* ProfileController.xib */,
			);
			path = DemoUIComponents;
			sourceTree = "<group>";
		};
/* End PBXGroup section */

/* Begin PBXNativeTarget section */
		844FEB2B21143A130035952C /* DemoUIComponents */ = {
			isa = PBXNativeTarget;
			buildConfigurationList = 844FEB3E21143A140035952C /* Build configuration list for PBXNativeTarget "DemoUIComponents" */;
			buildPhases = (
				844FEB2821143A130035952C /* Sources */,
				844FEB2921143A130035952C /* Frameworks */,
				844FEB2A21143A130035952C /* Resources */,
			);
			buildRules = (
			);
			dependencies = (
			);
			name = DemoUIComponents;
			productName = DemoUIComponents;
			productReference = 844FEB2C21143A130035952C /* DemoUIComponents.app */;
			productType = "com.apple.product-type.application";
		};
/* End PBXNativeTarget section */

/* Begin PBXProject section */
		844FEB2421143A120035952C /* Project object */ = {
			isa = PBXProject;
			attributes = {
				LastSwiftUpdateCheck = 0930;
				LastUpgradeCheck = 0930;
				ORGANIZATIONNAME = GEM;
				TargetAttributes = {
					844FEB2B21143A130035952C = {
						CreatedOnToolsVersion = 9.3.1;
					};
				};
			};
			buildConfigurationList = 844FEB2721143A120035952C /* Build configuration list for PBXProject "DemoUIComponents" */;
			compatibilityVersion = "Xcode 9.3";
			developmentRegion = en;
			hasScannedForEncodings = 0;
			knownRegions = (
				en,
				Base,
			);
			mainGroup = 844FEB2321143A120035952C;
			productRefGroup = 844FEB2D21143A130035952C /* Products */;
			projectDirPath = "";
			projectRoot = "";
			targets = (
				844FEB2B21143A130035952C /* DemoUIComponents */,
			);
		};
/* End PBXProject section */

/* Begin PBXResourcesBuildPhase section */
		844FEB2A21143A130035952C /* Resources */ = {
			isa = PBXResourcesBuildPhase;
			buildActionMask = 2147483647;
			files = (
				1D4252F62117ED2D00DC95A3 /* NOTICE.txt in Resources */,
				1D4252FB2117ED2D00DC95A3 /* Roboto-Bold.ttf in Resources */,
				1D4252FA2117ED2D00DC95A3 /* Roboto-Italic.ttf in Resources */,
				1D4252F52117ED2D00DC95A3 /* Roboto-Medium.ttf in Resources */,
				1D4252F92117ED2D00DC95A3 /* Roboto-BlackItalic.ttf in Resources */,
				1D4252F22117ED2D00DC95A3 /* Roboto-ThinItalic.ttf in Resources */,
				1D4252F32117ED2D00DC95A3 /* Roboto-BoldItalic.ttf in Resources */,
				1D42532F211854D100DC95A3 /* HomeController.xib in Resources */,
				1D42532B21183B5500DC95A3 /* ForgotPasswordController.xib in Resources */,
				844FEB3A21143A140035952C /* LaunchScreen.storyboard in Resources */,
				844FEB3721143A140035952C /* Assets.xcassets in Resources */,
				1D4252F82117ED2D00DC95A3 /* Roboto-Light.ttf in Resources */,
				1D4252EF2117ED2D00DC95A3 /* Roboto-CondensedItalic.ttf in Resources */,
				1D4252ED2117ED2D00DC95A3 /* Roboto-LightItalic.ttf in Resources */,
				1D4252F72117ED2D00DC95A3 /* Roboto-Condensed.ttf in Resources */,
				844FEB3521143A130035952C /* Main.storyboard in Resources */,
				1D4252EE2117ED2D00DC95A3 /* Roboto-BoldCondensed.ttf in Resources */,
				1D4252FD2117ED2D00DC95A3 /* Roboto-Regular.ttf in Resources */,
				1D4252F02117ED2D00DC95A3 /* Roboto-BoldCondensedItalic.ttf in Resources */,
				1D425333211854E600DC95A3 /* ProfileController.xib in Resources */,
				1D4252FC2117ED2D00DC95A3 /* Roboto-MediumItalic.ttf in Resources */,
				1D4252EC2117ED2D00DC95A3 /* Roboto-Black.ttf in Resources */,
				1D4252F42117ED2D00DC95A3 /* Roboto_Specimen_Book.pdf in Resources */,
				1D4252F12117ED2D00DC95A3 /* Roboto-Thin.ttf in Resources */,
			);
			runOnlyForDeploymentPostprocessing = 0;
		};
/* End PBXResourcesBuildPhase section */

/* Begin PBXSourcesBuildPhase section */
		844FEB2821143A130035952C /* Sources */ = {
			isa = PBXSourcesBuildPhase;
			buildActionMask = 2147483647;
			files = (
				1D425332211854E600DC95A3 /* ProfileController.swift in Sources */,
				1D42532E211854D100DC95A3 /* HomeController.swift in Sources */,
				844FEB3221143A130035952C /* ViewController.swift in Sources */,
				1D42532A21183B5500DC95A3 /* ForgotPasswordController.swift in Sources */,
				844FEB3021143A130035952C /* AppDelegate.swift in Sources */,
			);
			runOnlyForDeploymentPostprocessing = 0;
		};
/* End PBXSourcesBuildPhase section */

/* Begin PBXVariantGroup section */
		844FEB3321143A130035952C /* Main.storyboard */ = {
			isa = PBXVariantGroup;
			children = (
				844FEB3421143A130035952C /* Base */,
			);
			name = Main.storyboard;
			sourceTree = "<group>";
		};
		844FEB3821143A140035952C /* LaunchScreen.storyboard */ = {
			isa = PBXVariantGroup;
			children = (
				844FEB3921143A140035952C /* Base */,
			);
			name = LaunchScreen.storyboard;
			sourceTree = "<group>";
		};
/* End PBXVariantGroup section */

/* Begin XCBuildConfiguration section */
		844FEB3C21143A140035952C /* Debug */ = {
			isa = XCBuildConfiguration;
			buildSettings = {
				ALWAYS_SEARCH_USER_PATHS = NO;
				CLANG_ANALYZER_NONNULL = YES;
				CLANG_ANALYZER_NUMBER_OBJECT_CONVERSION = YES_AGGRESSIVE;
				CLANG_CXX_LANGUAGE_STANDARD = "gnu++14";
				CLANG_CXX_LIBRARY = "libc++";
				CLANG_ENABLE_MODULES = YES;
				CLANG_ENABLE_OBJC_ARC = YES;
				CLANG_ENABLE_OBJC_WEAK = YES;
				CLANG_WARN_BLOCK_CAPTURE_AUTORELEASING = YES;
				CLANG_WARN_BOOL_CONVERSION = YES;
				CLANG_WARN_COMMA = YES;
				CLANG_WARN_CONSTANT_CONVERSION = YES;
				CLANG_WARN_DEPRECATED_OBJC_IMPLEMENTATIONS = YES;
				CLANG_WARN_DIRECT_OBJC_ISA_USAGE = YES_ERROR;
				CLANG_WARN_DOCUMENTATION_COMMENTS = YES;
				CLANG_WARN_EMPTY_BODY = YES;
				CLANG_WARN_ENUM_CONVERSION = YES;
				CLANG_WARN_INFINITE_RECURSION = YES;
				CLANG_WARN_INT_CONVERSION = YES;
				CLANG_WARN_NON_LITERAL_NULL_CONVERSION = YES;
				CLANG_WARN_OBJC_IMPLICIT_RETAIN_SELF = YES;
				CLANG_WARN_OBJC_LITERAL_CONVERSION = YES;
				CLANG_WARN_OBJC_ROOT_CLASS = YES_ERROR;
				CLANG_WARN_RANGE_LOOP_ANALYSIS = YES;
				CLANG_WARN_STRICT_PROTOTYPES = YES;
				CLANG_WARN_SUSPICIOUS_MOVE = YES;
				CLANG_WARN_UNGUARDED_AVAILABILITY = YES_AGGRESSIVE;
				CLANG_WARN_UNREACHABLE_CODE = YES;
				CLANG_WARN__DUPLICATE_METHOD_MATCH = YES;
				CODE_SIGN_IDENTITY = "iPhone Developer";
				COPY_PHASE_STRIP = NO;
				DEBUG_INFORMATION_FORMAT = dwarf;
				ENABLE_STRICT_OBJC_MSGSEND = YES;
				ENABLE_TESTABILITY = YES;
				GCC_C_LANGUAGE_STANDARD = gnu11;
				GCC_DYNAMIC_NO_PIC = NO;
				GCC_NO_COMMON_BLOCKS = YES;
				GCC_OPTIMIZATION_LEVEL = 0;
				GCC_PREPROCESSOR_DEFINITIONS = (
					"DEBUG=1",
					"$(inherited)",
				);
				GCC_WARN_64_TO_32_BIT_CONVERSION = YES;
				GCC_WARN_ABOUT_RETURN_TYPE = YES_ERROR;
				GCC_WARN_UNDECLARED_SELECTOR = YES;
				GCC_WARN_UNINITIALIZED_AUTOS = YES_AGGRESSIVE;
				GCC_WARN_UNUSED_FUNCTION = YES;
				GCC_WARN_UNUSED_VARIABLE = YES;
				IPHONEOS_DEPLOYMENT_TARGET = 11.3;
				MTL_ENABLE_DEBUG_INFO = YES;
				ONLY_ACTIVE_ARCH = YES;
				SDKROOT = iphoneos;
				SWIFT_ACTIVE_COMPILATION_CONDITIONS = DEBUG;
				SWIFT_OPTIMIZATION_LEVEL = "-Onone";
			};
			name = Debug;
		};
		844FEB3D21143A140035952C /* Release */ = {
			isa = XCBuildConfiguration;
			buildSettings = {
				ALWAYS_SEARCH_USER_PATHS = NO;
				CLANG_ANALYZER_NONNULL = YES;
				CLANG_ANALYZER_NUMBER_OBJECT_CONVERSION = YES_AGGRESSIVE;
				CLANG_CXX_LANGUAGE_STANDARD = "gnu++14";
				CLANG_CXX_LIBRARY = "libc++";
				CLANG_ENABLE_MODULES = YES;
				CLANG_ENABLE_OBJC_ARC = YES;
				CLANG_ENABLE_OBJC_WEAK = YES;
				CLANG_WARN_BLOCK_CAPTURE_AUTORELEASING = YES;
				CLANG_WARN_BOOL_CONVERSION = YES;
				CLANG_WARN_COMMA = YES;
				CLANG_WARN_CONSTANT_CONVERSION = YES;
				CLANG_WARN_DEPRECATED_OBJC_IMPLEMENTATIONS = YES;
				CLANG_WARN_DIRECT_OBJC_ISA_USAGE = YES_ERROR;
				CLANG_WARN_DOCUMENTATION_COMMENTS = YES;
				CLANG_WARN_EMPTY_BODY = YES;
				CLANG_WARN_ENUM_CONVERSION = YES;
				CLANG_WARN_INFINITE_RECURSION = YES;
				CLANG_WARN_INT_CONVERSION = YES;
				CLANG_WARN_NON_LITERAL_NULL_CONVERSION = YES;
				CLANG_WARN_OBJC_IMPLICIT_RETAIN_SELF = YES;
				CLANG_WARN_OBJC_LITERAL_CONVERSION = YES;
				CLANG_WARN_OBJC_ROOT_CLASS = YES_ERROR;
				CLANG_WARN_RANGE_LOOP_ANALYSIS = YES;
				CLANG_WARN_STRICT_PROTOTYPES = YES;
				CLANG_WARN_SUSPICIOUS_MOVE = YES;
				CLANG_WARN_UNGUARDED_AVAILABILITY = YES_AGGRESSIVE;
				CLANG_WARN_UNREACHABLE_CODE = YES;
				CLANG_WARN__DUPLICATE_METHOD_MATCH = YES;
				CODE_SIGN_IDENTITY = "iPhone Developer";
				COPY_PHASE_STRIP = NO;
				DEBUG_INFORMATION_FORMAT = "dwarf-with-dsym";
				ENABLE_NS_ASSERTIONS = NO;
				ENABLE_STRICT_OBJC_MSGSEND = YES;
				GCC_C_LANGUAGE_STANDARD = gnu11;
				GCC_NO_COMMON_BLOCKS = YES;
				GCC_WARN_64_TO_32_BIT_CONVERSION = YES;
				GCC_WARN_ABOUT_RETURN_TYPE = YES_ERROR;
				GCC_WARN_UNDECLARED_SELECTOR = YES;
				GCC_WARN_UNINITIALIZED_AUTOS = YES_AGGRESSIVE;
				GCC_WARN_UNUSED_FUNCTION = YES;
				GCC_WARN_UNUSED_VARIABLE = YES;
				IPHONEOS_DEPLOYMENT_TARGET = 11.3;
				MTL_ENABLE_DEBUG_INFO = NO;
				SDKROOT = iphoneos;
				SWIFT_COMPILATION_MODE = wholemodule;
				SWIFT_OPTIMIZATION_LEVEL = "-O";
				VALIDATE_PRODUCT = YES;
			};
			name = Release;
		};
		844FEB3F21143A140035952C /* Debug */ = {
			isa = XCBuildConfiguration;
			buildSettings = {
				ASSETCATALOG_COMPILER_APPICON_NAME = AppIcon;
				CODE_SIGN_STYLE = Automatic;
				DEVELOPMENT_TEAM = 432LPA47M8;
				INFOPLIST_FILE = DemoUIComponents/Info.plist;
				LD_RUNPATH_SEARCH_PATHS = (
					"$(inherited)",
					"@executable_path/Frameworks",
				);
				PRODUCT_BUNDLE_IDENTIFIER = GEM.DemoUIComponents;
				PRODUCT_NAME = "$(TARGET_NAME)";
				SWIFT_VERSION = 4.0;
				TARGETED_DEVICE_FAMILY = "1,2";
			};
			name = Debug;
		};
		844FEB4021143A140035952C /* Release */ = {
			isa = XCBuildConfiguration;
			buildSettings = {
				ASSETCATALOG_COMPILER_APPICON_NAME = AppIcon;
				CODE_SIGN_STYLE = Automatic;
				DEVELOPMENT_TEAM = 432LPA47M8;
				INFOPLIST_FILE = DemoUIComponents/Info.plist;
				LD_RUNPATH_SEARCH_PATHS = (
					"$(inherited)",
					"@executable_path/Frameworks",
				);
				PRODUCT_BUNDLE_IDENTIFIER = GEM.DemoUIComponents;
				PRODUCT_NAME = "$(TARGET_NAME)";
				SWIFT_VERSION = 4.0;
				TARGETED_DEVICE_FAMILY = "1,2";
			};
			name = Release;
		};
/* End XCBuildConfiguration section */

/* Begin XCConfigurationList section */
		844FEB2721143A120035952C /* Build configuration list for PBXProject "DemoUIComponents" */ = {
			isa = XCConfigurationList;
			buildConfigurations = (
				844FEB3C21143A140035952C /* Debug */,
				844FEB3D21143A140035952C /* Release */,
			);
			defaultConfigurationIsVisible = 0;
			defaultConfigurationName = Release;
		};
		844FEB3E21143A140035952C /* Build configuration list for PBXNativeTarget "DemoUIComponents" */ = {
			isa = XCConfigurationList;
			buildConfigurations = (
				844FEB3F21143A140035952C /* Debug */,
				844FEB4021143A140035952C /* Release */,
			);
			defaultConfigurationIsVisible = 0;
			defaultConfigurationName = Release;
		};
/* End XCConfigurationList section */
	};
	rootObject = 844FEB2421143A120035952C /* Project object */;
}
