// !$*UTF8*$!
{
	archiveVersion = 1;
	classes = {
	};
	objectVersion = 50;
	objects = {

/* Begin PBXBuildFile section */
		1D0463B12123C1FB00CAE04B /* MainTabbarController.swift in Sources */ = {isa = PBXBuildFile; fileRef = 1D0463B02123C1FB00CAE04B /* MainTabbarController.swift */; };
		1D0463B32123CED300CAE04B /* MainNavigationController.swift in Sources */ = {isa = PBXBuildFile; fileRef = 1D0463B22123CED300CAE04B /* MainNavigationController.swift */; };
		1D3D8B2221250FBB00F6383C /* PersonnelViewController.swift in Sources */ = {isa = PBXBuildFile; fileRef = 1D3D8B2021250FBB00F6383C /* PersonnelViewController.swift */; };
		1D3D8B2321250FBB00F6383C /* PersonnelViewController.xib in Resources */ = {isa = PBXBuildFile; fileRef = 1D3D8B2121250FBB00F6383C /* PersonnelViewController.xib */; };
		1D3D8B28212510D300F6383C /* PersonnelTableViewCell.swift in Sources */ = {isa = PBXBuildFile; fileRef = 1D3D8B26212510D300F6383C /* PersonnelTableViewCell.swift */; };
		1D3D8B29212510D300F6383C /* PersonnelTableViewCell.xib in Resources */ = {isa = PBXBuildFile; fileRef = 1D3D8B27212510D300F6383C /* PersonnelTableViewCell.xib */; };
		1D530FC4212120E6006A5029 /* VacationViewController.swift in Sources */ = {isa = PBXBuildFile; fileRef = 1D530FC2212120E6006A5029 /* VacationViewController.swift */; };
		1D530FC5212120E6006A5029 /* VacationViewController.xib in Resources */ = {isa = PBXBuildFile; fileRef = 1D530FC3212120E6006A5029 /* VacationViewController.xib */; };
		1D530FC821216640006A5029 /* Extention.swift in Sources */ = {isa = PBXBuildFile; fileRef = 1D530FC721216640006A5029 /* Extention.swift */; };
		1D8DF621211D370A0006D2CB /* AppDelegate.swift in Sources */ = {isa = PBXBuildFile; fileRef = 1D8DF620211D370A0006D2CB /* AppDelegate.swift */; };
		1D8DF623211D370A0006D2CB /* ViewController.swift in Sources */ = {isa = PBXBuildFile; fileRef = 1D8DF622211D370A0006D2CB /* ViewController.swift */; };
		1D8DF626211D370A0006D2CB /* Main.storyboard in Resources */ = {isa = PBXBuildFile; fileRef = 1D8DF624211D370A0006D2CB /* Main.storyboard */; };
		1D8DF628211D370B0006D2CB /* Assets.xcassets in Resources */ = {isa = PBXBuildFile; fileRef = 1D8DF627211D370B0006D2CB /* Assets.xcassets */; };
		1D8DF62B211D370B0006D2CB /* LaunchScreen.storyboard in Resources */ = {isa = PBXBuildFile; fileRef = 1D8DF629211D370B0006D2CB /* LaunchScreen.storyboard */; };
		1D8DF636211D37610006D2CB /* ForgotPasswordViewController.swift in Sources */ = {isa = PBXBuildFile; fileRef = 1D8DF634211D37610006D2CB /* ForgotPasswordViewController.swift */; };
		1D8DF637211D37610006D2CB /* ForgotPasswordViewController.xib in Resources */ = {isa = PBXBuildFile; fileRef = 1D8DF635211D37610006D2CB /* ForgotPasswordViewController.xib */; };
		1D8DF63A211D37720006D2CB /* TimeKeepingDetailViewController.swift in Sources */ = {isa = PBXBuildFile; fileRef = 1D8DF638211D37720006D2CB /* TimeKeepingDetailViewController.swift */; };
		1D8DF63B211D37720006D2CB /* TimeKeepingDetailViewController.xib in Resources */ = {isa = PBXBuildFile; fileRef = 1D8DF639211D37720006D2CB /* TimeKeepingDetailViewController.xib */; };
		1D8DF643211D37AD0006D2CB /* TimeKeepingViewController.swift in Sources */ = {isa = PBXBuildFile; fileRef = 1D8DF641211D37AD0006D2CB /* TimeKeepingViewController.swift */; };
		1D8DF644211D37AD0006D2CB /* TimeKeepingViewController.xib in Resources */ = {isa = PBXBuildFile; fileRef = 1D8DF642211D37AD0006D2CB /* TimeKeepingViewController.xib */; };
		1D8DF647211D37CA0006D2CB /* MenuTableViewCell.swift in Sources */ = {isa = PBXBuildFile; fileRef = 1D8DF645211D37CA0006D2CB /* MenuTableViewCell.swift */; };
		1D8DF648211D37CA0006D2CB /* MenuTableViewCell.xib in Resources */ = {isa = PBXBuildFile; fileRef = 1D8DF646211D37CA0006D2CB /* MenuTableViewCell.xib */; };
		1D8DF64B211D38CC0006D2CB /* LeftMenuViewController.swift in Sources */ = {isa = PBXBuildFile; fileRef = 1D8DF649211D38CC0006D2CB /* LeftMenuViewController.swift */; };
		1D8DF64C211D38CC0006D2CB /* LeftMenuViewController.xib in Resources */ = {isa = PBXBuildFile; fileRef = 1D8DF64A211D38CC0006D2CB /* LeftMenuViewController.xib */; };
		1D8DF64F211D3F5A0006D2CB /* ChangePasswordViewController.swift in Sources */ = {isa = PBXBuildFile; fileRef = 1D8DF64D211D3F5A0006D2CB /* ChangePasswordViewController.swift */; };
		1D8DF650211D3F5A0006D2CB /* ChangePasswordViewController.xib in Resources */ = {isa = PBXBuildFile; fileRef = 1D8DF64E211D3F5A0006D2CB /* ChangePasswordViewController.xib */; };
		1D8DF663211D3FF10006D2CB /* Roboto-Medium.ttf in Resources */ = {isa = PBXBuildFile; fileRef = 1D8DF651211D3FF10006D2CB /* Roboto-Medium.ttf */; };
		1D8DF664211D3FF10006D2CB /* Roboto-Thin.ttf in Resources */ = {isa = PBXBuildFile; fileRef = 1D8DF652211D3FF10006D2CB /* Roboto-Thin.ttf */; };
		1D8DF665211D3FF10006D2CB /* Roboto-BoldCondensedItalic.ttf in Resources */ = {isa = PBXBuildFile; fileRef = 1D8DF653211D3FF10006D2CB /* Roboto-BoldCondensedItalic.ttf */; };
		1D8DF666211D3FF10006D2CB /* Roboto_Specimen_Book.pdf in Resources */ = {isa = PBXBuildFile; fileRef = 1D8DF654211D3FF10006D2CB /* Roboto_Specimen_Book.pdf */; };
		1D8DF667211D3FF10006D2CB /* Roboto-Italic.ttf in Resources */ = {isa = PBXBuildFile; fileRef = 1D8DF655211D3FF10006D2CB /* Roboto-Italic.ttf */; };
		1D8DF668211D3FF10006D2CB /* Roboto-Regular.ttf in Resources */ = {isa = PBXBuildFile; fileRef = 1D8DF656211D3FF10006D2CB /* Roboto-Regular.ttf */; };
		1D8DF669211D3FF10006D2CB /* Roboto-BoldItalic.ttf in Resources */ = {isa = PBXBuildFile; fileRef = 1D8DF657211D3FF10006D2CB /* Roboto-BoldItalic.ttf */; };
		1D8DF66A211D3FF10006D2CB /* Roboto-MediumItalic.ttf in Resources */ = {isa = PBXBuildFile; fileRef = 1D8DF658211D3FF10006D2CB /* Roboto-MediumItalic.ttf */; };
		1D8DF66B211D3FF10006D2CB /* Roboto-BlackItalic.ttf in Resources */ = {isa = PBXBuildFile; fileRef = 1D8DF659211D3FF10006D2CB /* Roboto-BlackItalic.ttf */; };
		1D8DF66C211D3FF10006D2CB /* Roboto-CondensedItalic.ttf in Resources */ = {isa = PBXBuildFile; fileRef = 1D8DF65A211D3FF10006D2CB /* Roboto-CondensedItalic.ttf */; };
		1D8DF66D211D3FF10006D2CB /* Roboto-Light.ttf in Resources */ = {isa = PBXBuildFile; fileRef = 1D8DF65B211D3FF10006D2CB /* Roboto-Light.ttf */; };
		1D8DF66E211D3FF10006D2CB /* Roboto-Condensed.ttf in Resources */ = {isa = PBXBuildFile; fileRef = 1D8DF65C211D3FF10006D2CB /* Roboto-Condensed.ttf */; };
		1D8DF66F211D3FF10006D2CB /* Roboto-Bold.ttf in Resources */ = {isa = PBXBuildFile; fileRef = 1D8DF65D211D3FF10006D2CB /* Roboto-Bold.ttf */; };
		1D8DF670211D3FF10006D2CB /* Roboto-LightItalic.ttf in Resources */ = {isa = PBXBuildFile; fileRef = 1D8DF65E211D3FF10006D2CB /* Roboto-LightItalic.ttf */; };
		1D8DF671211D3FF10006D2CB /* Roboto-ThinItalic.ttf in Resources */ = {isa = PBXBuildFile; fileRef = 1D8DF65F211D3FF10006D2CB /* Roboto-ThinItalic.ttf */; };
		1D8DF672211D3FF10006D2CB /* Roboto-Black.ttf in Resources */ = {isa = PBXBuildFile; fileRef = 1D8DF660211D3FF10006D2CB /* Roboto-Black.ttf */; };
		1D8DF673211D3FF10006D2CB /* NOTICE.txt in Resources */ = {isa = PBXBuildFile; fileRef = 1D8DF661211D3FF10006D2CB /* NOTICE.txt */; };
		1D8DF674211D3FF10006D2CB /* Roboto-BoldCondensed.ttf in Resources */ = {isa = PBXBuildFile; fileRef = 1D8DF662211D3FF10006D2CB /* Roboto-BoldCondensed.ttf */; };
		1D8DF67B211D82100006D2CB /* TimeKeepingTableViewCell.swift in Sources */ = {isa = PBXBuildFile; fileRef = 1D8DF679211D82100006D2CB /* TimeKeepingTableViewCell.swift */; };
		1D8DF67C211D82100006D2CB /* TimeKeepingTableViewCell.xib in Resources */ = {isa = PBXBuildFile; fileRef = 1D8DF67A211D82100006D2CB /* TimeKeepingTableViewCell.xib */; };
		1DA7FCC52126A82D00F687BA /* Person.swift in Sources */ = {isa = PBXBuildFile; fileRef = 1DA7FCC42126A82D00F687BA /* Person.swift */; };
		1DA7FCC72126AB0F00F687BA /* Staff.swift in Sources */ = {isa = PBXBuildFile; fileRef = 1DA7FCC62126AB0F00F687BA /* Staff.swift */; };
		1DA7FCCA2126AC0800F687BA /* Department.swift in Sources */ = {isa = PBXBuildFile; fileRef = 1DA7FCC92126AC0800F687BA /* Department.swift */; };
		1DA7FCCF2126D1F000F687BA /* RealmManager.swift in Sources */ = {isa = PBXBuildFile; fileRef = 1DA7FCCE2126D1F000F687BA /* RealmManager.swift */; };
		1DD30929212187E200217E3F /* TimeKeepingTableViewHeader.swift in Sources */ = {isa = PBXBuildFile; fileRef = 1DD30928212187E200217E3F /* TimeKeepingTableViewHeader.swift */; };
		1DD3092B2121880B00217E3F /* TimeKeepingTableViewHeader.xib in Resources */ = {isa = PBXBuildFile; fileRef = 1DD3092A2121880B00217E3F /* TimeKeepingTableViewHeader.xib */; };
		53AB7A28425758C651DC581C /* Pods_TimeKeeping.framework in Frameworks */ = {isa = PBXBuildFile; fileRef = DEEAF214E6341CC08F20009E /* Pods_TimeKeeping.framework */; };
/* End PBXBuildFile section */

/* Begin PBXCopyFilesBuildPhase section */
		1DDBA883212561F80095105A /* Embed Frameworks */ = {
			isa = PBXCopyFilesBuildPhase;
			buildActionMask = 2147483647;
			dstPath = "";
			dstSubfolderSpec = 10;
			files = (
			);
			name = "Embed Frameworks";
			runOnlyForDeploymentPostprocessing = 0;
		};
/* End PBXCopyFilesBuildPhase section */

/* Begin PBXFileReference section */
		1D0463B02123C1FB00CAE04B /* MainTabbarController.swift */ = {isa = PBXFileReference; lastKnownFileType = sourcecode.swift; path = MainTabbarController.swift; sourceTree = "<group>"; };
		1D0463B22123CED300CAE04B /* MainNavigationController.swift */ = {isa = PBXFileReference; lastKnownFileType = sourcecode.swift; path = MainNavigationController.swift; sourceTree = "<group>"; };
		1D3D8B2021250FBB00F6383C /* PersonnelViewController.swift */ = {isa = PBXFileReference; lastKnownFileType = sourcecode.swift; path = PersonnelViewController.swift; sourceTree = "<group>"; };
		1D3D8B2121250FBB00F6383C /* PersonnelViewController.xib */ = {isa = PBXFileReference; lastKnownFileType = file.xib; path = PersonnelViewController.xib; sourceTree = "<group>"; };
		1D3D8B26212510D300F6383C /* PersonnelTableViewCell.swift */ = {isa = PBXFileReference; lastKnownFileType = sourcecode.swift; path = PersonnelTableViewCell.swift; sourceTree = "<group>"; };
		1D3D8B27212510D300F6383C /* PersonnelTableViewCell.xib */ = {isa = PBXFileReference; lastKnownFileType = file.xib; path = PersonnelTableViewCell.xib; sourceTree = "<group>"; };
		1D530FC2212120E6006A5029 /* VacationViewController.swift */ = {isa = PBXFileReference; lastKnownFileType = sourcecode.swift; path = VacationViewController.swift; sourceTree = "<group>"; };
		1D530FC3212120E6006A5029 /* VacationViewController.xib */ = {isa = PBXFileReference; lastKnownFileType = file.xib; path = VacationViewController.xib; sourceTree = "<group>"; };
		1D530FC721216640006A5029 /* Extention.swift */ = {isa = PBXFileReference; lastKnownFileType = sourcecode.swift; path = Extention.swift; sourceTree = "<group>"; };
		1D8DF61D211D370A0006D2CB /* TimeKeeping.app */ = {isa = PBXFileReference; explicitFileType = wrapper.application; includeInIndex = 0; path = TimeKeeping.app; sourceTree = BUILT_PRODUCTS_DIR; };
		1D8DF620211D370A0006D2CB /* AppDelegate.swift */ = {isa = PBXFileReference; lastKnownFileType = sourcecode.swift; path = AppDelegate.swift; sourceTree = "<group>"; };
		1D8DF622211D370A0006D2CB /* ViewController.swift */ = {isa = PBXFileReference; lastKnownFileType = sourcecode.swift; path = ViewController.swift; sourceTree = "<group>"; };
		1D8DF625211D370A0006D2CB /* Base */ = {isa = PBXFileReference; lastKnownFileType = file.storyboard; name = Base; path = Base.lproj/Main.storyboard; sourceTree = "<group>"; };
		1D8DF627211D370B0006D2CB /* Assets.xcassets */ = {isa = PBXFileReference; lastKnownFileType = folder.assetcatalog; path = Assets.xcassets; sourceTree = "<group>"; };
		1D8DF62A211D370B0006D2CB /* Base */ = {isa = PBXFileReference; lastKnownFileType = file.storyboard; name = Base; path = Base.lproj/LaunchScreen.storyboard; sourceTree = "<group>"; };
		1D8DF62C211D370B0006D2CB /* Info.plist */ = {isa = PBXFileReference; lastKnownFileType = text.plist.xml; path = Info.plist; sourceTree = "<group>"; };
		1D8DF634211D37610006D2CB /* ForgotPasswordViewController.swift */ = {isa = PBXFileReference; lastKnownFileType = sourcecode.swift; path = ForgotPasswordViewController.swift; sourceTree = "<group>"; };
		1D8DF635211D37610006D2CB /* ForgotPasswordViewController.xib */ = {isa = PBXFileReference; lastKnownFileType = file.xib; path = ForgotPasswordViewController.xib; sourceTree = "<group>"; };
		1D8DF638211D37720006D2CB /* TimeKeepingDetailViewController.swift */ = {isa = PBXFileReference; lastKnownFileType = sourcecode.swift; path = TimeKeepingDetailViewController.swift; sourceTree = "<group>"; };
		1D8DF639211D37720006D2CB /* TimeKeepingDetailViewController.xib */ = {isa = PBXFileReference; lastKnownFileType = file.xib; path = TimeKeepingDetailViewController.xib; sourceTree = "<group>"; };
		1D8DF641211D37AD0006D2CB /* TimeKeepingViewController.swift */ = {isa = PBXFileReference; lastKnownFileType = sourcecode.swift; path = TimeKeepingViewController.swift; sourceTree = "<group>"; };
		1D8DF642211D37AD0006D2CB /* TimeKeepingViewController.xib */ = {isa = PBXFileReference; lastKnownFileType = file.xib; path = TimeKeepingViewController.xib; sourceTree = "<group>"; };
		1D8DF645211D37CA0006D2CB /* MenuTableViewCell.swift */ = {isa = PBXFileReference; lastKnownFileType = sourcecode.swift; path = MenuTableViewCell.swift; sourceTree = "<group>"; };
		1D8DF646211D37CA0006D2CB /* MenuTableViewCell.xib */ = {isa = PBXFileReference; lastKnownFileType = file.xib; path = MenuTableViewCell.xib; sourceTree = "<group>"; };
		1D8DF649211D38CC0006D2CB /* LeftMenuViewController.swift */ = {isa = PBXFileReference; lastKnownFileType = sourcecode.swift; path = LeftMenuViewController.swift; sourceTree = "<group>"; };
		1D8DF64A211D38CC0006D2CB /* LeftMenuViewController.xib */ = {isa = PBXFileReference; lastKnownFileType = file.xib; path = LeftMenuViewController.xib; sourceTree = "<group>"; };
		1D8DF64D211D3F5A0006D2CB /* ChangePasswordViewController.swift */ = {isa = PBXFileReference; lastKnownFileType = sourcecode.swift; path = ChangePasswordViewController.swift; sourceTree = "<group>"; };
		1D8DF64E211D3F5A0006D2CB /* ChangePasswordViewController.xib */ = {isa = PBXFileReference; lastKnownFileType = file.xib; path = ChangePasswordViewController.xib; sourceTree = "<group>"; };
		1D8DF651211D3FF10006D2CB /* Roboto-Medium.ttf */ = {isa = PBXFileReference; lastKnownFileType = file; path = "Roboto-Medium.ttf"; sourceTree = "<group>"; };
		1D8DF652211D3FF10006D2CB /* Roboto-Thin.ttf */ = {isa = PBXFileReference; lastKnownFileType = file; path = "Roboto-Thin.ttf"; sourceTree = "<group>"; };
		1D8DF653211D3FF10006D2CB /* Roboto-BoldCondensedItalic.ttf */ = {isa = PBXFileReference; lastKnownFileType = file; path = "Roboto-BoldCondensedItalic.ttf"; sourceTree = "<group>"; };
		1D8DF654211D3FF10006D2CB /* Roboto_Specimen_Book.pdf */ = {isa = PBXFileReference; lastKnownFileType = image.pdf; path = Roboto_Specimen_Book.pdf; sourceTree = "<group>"; };
		1D8DF655211D3FF10006D2CB /* Roboto-Italic.ttf */ = {isa = PBXFileReference; lastKnownFileType = file; path = "Roboto-Italic.ttf"; sourceTree = "<group>"; };
		1D8DF656211D3FF10006D2CB /* Roboto-Regular.ttf */ = {isa = PBXFileReference; lastKnownFileType = file; path = "Roboto-Regular.ttf"; sourceTree = "<group>"; };
		1D8DF657211D3FF10006D2CB /* Roboto-BoldItalic.ttf */ = {isa = PBXFileReference; lastKnownFileType = file; path = "Roboto-BoldItalic.ttf"; sourceTree = "<group>"; };
		1D8DF658211D3FF10006D2CB /* Roboto-MediumItalic.ttf */ = {isa = PBXFileReference; lastKnownFileType = file; path = "Roboto-MediumItalic.ttf"; sourceTree = "<group>"; };
		1D8DF659211D3FF10006D2CB /* Roboto-BlackItalic.ttf */ = {isa = PBXFileReference; lastKnownFileType = file; path = "Roboto-BlackItalic.ttf"; sourceTree = "<group>"; };
		1D8DF65A211D3FF10006D2CB /* Roboto-CondensedItalic.ttf */ = {isa = PBXFileReference; lastKnownFileType = file; path = "Roboto-CondensedItalic.ttf"; sourceTree = "<group>"; };
		1D8DF65B211D3FF10006D2CB /* Roboto-Light.ttf */ = {isa = PBXFileReference; lastKnownFileType = file; path = "Roboto-Light.ttf"; sourceTree = "<group>"; };
		1D8DF65C211D3FF10006D2CB /* Roboto-Condensed.ttf */ = {isa = PBXFileReference; lastKnownFileType = file; path = "Roboto-Condensed.ttf"; sourceTree = "<group>"; };
		1D8DF65D211D3FF10006D2CB /* Roboto-Bold.ttf */ = {isa = PBXFileReference; lastKnownFileType = file; path = "Roboto-Bold.ttf"; sourceTree = "<group>"; };
		1D8DF65E211D3FF10006D2CB /* Roboto-LightItalic.ttf */ = {isa = PBXFileReference; lastKnownFileType = file; path = "Roboto-LightItalic.ttf"; sourceTree = "<group>"; };
		1D8DF65F211D3FF10006D2CB /* Roboto-ThinItalic.ttf */ = {isa = PBXFileReference; lastKnownFileType = file; path = "Roboto-ThinItalic.ttf"; sourceTree = "<group>"; };
		1D8DF660211D3FF10006D2CB /* Roboto-Black.ttf */ = {isa = PBXFileReference; lastKnownFileType = file; path = "Roboto-Black.ttf"; sourceTree = "<group>"; };
		1D8DF661211D3FF10006D2CB /* NOTICE.txt */ = {isa = PBXFileReference; fileEncoding = 4; lastKnownFileType = text; path = NOTICE.txt; sourceTree = "<group>"; };
		1D8DF662211D3FF10006D2CB /* Roboto-BoldCondensed.ttf */ = {isa = PBXFileReference; lastKnownFileType = file; path = "Roboto-BoldCondensed.ttf"; sourceTree = "<group>"; };
		1D8DF679211D82100006D2CB /* TimeKeepingTableViewCell.swift */ = {isa = PBXFileReference; lastKnownFileType = sourcecode.swift; path = TimeKeepingTableViewCell.swift; sourceTree = "<group>"; };
		1D8DF67A211D82100006D2CB /* TimeKeepingTableViewCell.xib */ = {isa = PBXFileReference; lastKnownFileType = file.xib; path = TimeKeepingTableViewCell.xib; sourceTree = "<group>"; };
		1DA7FCC42126A82D00F687BA /* Person.swift */ = {isa = PBXFileReference; lastKnownFileType = sourcecode.swift; path = Person.swift; sourceTree = "<group>"; };
		1DA7FCC62126AB0F00F687BA /* Staff.swift */ = {isa = PBXFileReference; lastKnownFileType = sourcecode.swift; path = Staff.swift; sourceTree = "<group>"; };
		1DA7FCC92126AC0800F687BA /* Department.swift */ = {isa = PBXFileReference; lastKnownFileType = sourcecode.swift; path = Department.swift; sourceTree = "<group>"; };
		1DA7FCCE2126D1F000F687BA /* RealmManager.swift */ = {isa = PBXFileReference; lastKnownFileType = sourcecode.swift; path = RealmManager.swift; sourceTree = "<group>"; };
		1DD30928212187E200217E3F /* TimeKeepingTableViewHeader.swift */ = {isa = PBXFileReference; lastKnownFileType = sourcecode.swift; path = TimeKeepingTableViewHeader.swift; sourceTree = "<group>"; };
		1DD3092A2121880B00217E3F /* TimeKeepingTableViewHeader.xib */ = {isa = PBXFileReference; lastKnownFileType = file.xib; path = TimeKeepingTableViewHeader.xib; sourceTree = "<group>"; };
		31873B2EC9738901886D15E2 /* Pods-TimeKeeping.release.xcconfig */ = {isa = PBXFileReference; includeInIndex = 1; lastKnownFileType = text.xcconfig; name = "Pods-TimeKeeping.release.xcconfig"; path = "Pods/Target Support Files/Pods-TimeKeeping/Pods-TimeKeeping.release.xcconfig"; sourceTree = "<group>"; };
		DEEAF214E6341CC08F20009E /* Pods_TimeKeeping.framework */ = {isa = PBXFileReference; explicitFileType = wrapper.framework; includeInIndex = 0; path = Pods_TimeKeeping.framework; sourceTree = BUILT_PRODUCTS_DIR; };
		FA6135480CCBA29E20AB06E7 /* Pods-TimeKeeping.debug.xcconfig */ = {isa = PBXFileReference; includeInIndex = 1; lastKnownFileType = text.xcconfig; name = "Pods-TimeKeeping.debug.xcconfig"; path = "Pods/Target Support Files/Pods-TimeKeeping/Pods-TimeKeeping.debug.xcconfig"; sourceTree = "<group>"; };
/* End PBXFileReference section */

/* Begin PBXFrameworksBuildPhase section */
		1D8DF61A211D370A0006D2CB /* Frameworks */ = {
			isa = PBXFrameworksBuildPhase;
			buildActionMask = 2147483647;
			files = (
				53AB7A28425758C651DC581C /* Pods_TimeKeeping.framework in Frameworks */,
			);
			runOnlyForDeploymentPostprocessing = 0;
		};
/* End PBXFrameworksBuildPhase section */

/* Begin PBXGroup section */
		1D2204DE212661BC007664B6 /* LeftMenu */ = {
			isa = PBXGroup;
			children = (
				1D8DF64A211D38CC0006D2CB /* LeftMenuViewController.xib */,
				1D8DF649211D38CC0006D2CB /* LeftMenuViewController.swift */,
				1D8DF646211D37CA0006D2CB /* MenuTableViewCell.xib */,
				1D8DF645211D37CA0006D2CB /* MenuTableViewCell.swift */,
			);
			path = LeftMenu;
			sourceTree = "<group>";
		};
		1D2204DF212661D9007664B6 /* Vacation */ = {
			isa = PBXGroup;
			children = (
				1D530FC3212120E6006A5029 /* VacationViewController.xib */,
				1D530FC2212120E6006A5029 /* VacationViewController.swift */,
			);
			path = Vacation;
			sourceTree = "<group>";
		};
		1D2204E021266270007664B6 /* TimeKeepingDetail */ = {
			isa = PBXGroup;
			children = (
				1D8DF639211D37720006D2CB /* TimeKeepingDetailViewController.xib */,
				1D8DF638211D37720006D2CB /* TimeKeepingDetailViewController.swift */,
			);
			path = TimeKeepingDetail;
			sourceTree = "<group>";
		};
		1D2204E421267039007664B6 /* Authencation */ = {
			isa = PBXGroup;
			children = (
				1D8DF622211D370A0006D2CB /* ViewController.swift */,
				1D8DF624211D370A0006D2CB /* Main.storyboard */,
			);
			path = Authencation;
			sourceTree = "<group>";
		};
		1D3D8B2421250FCD00F6383C /* TimeKeeping */ = {
			isa = PBXGroup;
			children = (
				1D8DF641211D37AD0006D2CB /* TimeKeepingViewController.swift */,
				1D8DF642211D37AD0006D2CB /* TimeKeepingViewController.xib */,
				1D8DF679211D82100006D2CB /* TimeKeepingTableViewCell.swift */,
				1D8DF67A211D82100006D2CB /* TimeKeepingTableViewCell.xib */,
				1DD30928212187E200217E3F /* TimeKeepingTableViewHeader.swift */,
				1DD3092A2121880B00217E3F /* TimeKeepingTableViewHeader.xib */,
			);
			path = TimeKeeping;
			sourceTree = "<group>";
		};
		1D3D8B2521250FF900F6383C /* Personnel */ = {
			isa = PBXGroup;
			children = (
				1D3D8B2021250FBB00F6383C /* PersonnelViewController.swift */,
				1D3D8B2121250FBB00F6383C /* PersonnelViewController.xib */,
				1D3D8B26212510D300F6383C /* PersonnelTableViewCell.swift */,
				1D3D8B27212510D300F6383C /* PersonnelTableViewCell.xib */,
			);
			path = Personnel;
			sourceTree = "<group>";
		};
		1D530FC62121661D006A5029 /* Extension */ = {
			isa = PBXGroup;
			children = (
				1D530FC721216640006A5029 /* Extention.swift */,
			);
			path = Extension;
			sourceTree = "<group>";
		};
		1D8DF614211D370A0006D2CB = {
			isa = PBXGroup;
			children = (
				1D8DF61F211D370A0006D2CB /* TimeKeeping */,
				1D8DF61E211D370A0006D2CB /* Products */,
				9403B7A0AF166097F871AE52 /* Pods */,
				A5421989E6A876BE42CB597A /* Frameworks */,
			);
			sourceTree = "<group>";
		};
		1D8DF61E211D370A0006D2CB /* Products */ = {
			isa = PBXGroup;
			children = (
				1D8DF61D211D370A0006D2CB /* TimeKeeping.app */,
			);
			name = Products;
			sourceTree = "<group>";
		};
		1D8DF61F211D370A0006D2CB /* TimeKeeping */ = {
			isa = PBXGroup;
			children = (
				1DEB4A5C21259105003E055F /* Scenes */,
				1DEB4A5B212590EB003E055F /* Models */,
				1DEB4A5A212590D3003E055F /* Helper */,
				1D8DF632211D37360006D2CB /* Resource */,
				1D8DF620211D370A0006D2CB /* AppDelegate.swift */,
				1D8DF627211D370B0006D2CB /* Assets.xcassets */,
				1D8DF629211D370B0006D2CB /* LaunchScreen.storyboard */,
				1D8DF62C211D370B0006D2CB /* Info.plist */,
			);
			path = TimeKeeping;
			sourceTree = "<group>";
		};
		1D8DF632211D37360006D2CB /* Resource */ = {
			isa = PBXGroup;
			children = (
				1D8DF633211D373F0006D2CB /* Fonts */,
			);
			path = Resource;
			sourceTree = "<group>";
		};
		1D8DF633211D373F0006D2CB /* Fonts */ = {
			isa = PBXGroup;
			children = (
				1D8DF661211D3FF10006D2CB /* NOTICE.txt */,
				1D8DF654211D3FF10006D2CB /* Roboto_Specimen_Book.pdf */,
				1D8DF660211D3FF10006D2CB /* Roboto-Black.ttf */,
				1D8DF659211D3FF10006D2CB /* Roboto-BlackItalic.ttf */,
				1D8DF65D211D3FF10006D2CB /* Roboto-Bold.ttf */,
				1D8DF662211D3FF10006D2CB /* Roboto-BoldCondensed.ttf */,
				1D8DF653211D3FF10006D2CB /* Roboto-BoldCondensedItalic.ttf */,
				1D8DF657211D3FF10006D2CB /* Roboto-BoldItalic.ttf */,
				1D8DF65C211D3FF10006D2CB /* Roboto-Condensed.ttf */,
				1D8DF65A211D3FF10006D2CB /* Roboto-CondensedItalic.ttf */,
				1D8DF655211D3FF10006D2CB /* Roboto-Italic.ttf */,
				1D8DF65B211D3FF10006D2CB /* Roboto-Light.ttf */,
				1D8DF65E211D3FF10006D2CB /* Roboto-LightItalic.ttf */,
				1D8DF651211D3FF10006D2CB /* Roboto-Medium.ttf */,
				1D8DF658211D3FF10006D2CB /* Roboto-MediumItalic.ttf */,
				1D8DF656211D3FF10006D2CB /* Roboto-Regular.ttf */,
				1D8DF652211D3FF10006D2CB /* Roboto-Thin.ttf */,
				1D8DF65F211D3FF10006D2CB /* Roboto-ThinItalic.ttf */,
			);
			path = Fonts;
			sourceTree = "<group>";
		};
		1DA7FCCD2126D1D200F687BA /* DataManager */ = {
			isa = PBXGroup;
			children = (
				1DA7FCCE2126D1F000F687BA /* RealmManager.swift */,
			);
			path = DataManager;
			sourceTree = "<group>";
		};
		1DEB4A5A212590D3003E055F /* Helper */ = {
			isa = PBXGroup;
			children = (
				1DA7FCCD2126D1D200F687BA /* DataManager */,
				1D530FC62121661D006A5029 /* Extension */,
			);
			path = Helper;
			sourceTree = "<group>";
		};
		1DEB4A5B212590EB003E055F /* Models */ = {
			isa = PBXGroup;
			children = (
				1DA7FCC42126A82D00F687BA /* Person.swift */,
				1DA7FCC62126AB0F00F687BA /* Staff.swift */,
				1DA7FCC92126AC0800F687BA /* Department.swift */,
			);
			path = Models;
			sourceTree = "<group>";
		};
		1DEB4A5C21259105003E055F /* Scenes */ = {
			isa = PBXGroup;
			children = (
				1D2204E421267039007664B6 /* Authencation */,
				1D2204E021266270007664B6 /* TimeKeepingDetail */,
				1D2204DF212661D9007664B6 /* Vacation */,
				1D2204DE212661BC007664B6 /* LeftMenu */,
				1DEB4A60212593BC003E055F /* Other */,
				1DEB4A5F212591F6003E055F /* ChagePassword */,
				1DEB4A5E212591E9003E055F /* ForgotPassword */,
				1D3D8B2421250FCD00F6383C /* TimeKeeping */,
				1D3D8B2521250FF900F6383C /* Personnel */,
			);
			path = Scenes;
			sourceTree = "<group>";
		};
		1DEB4A5E212591E9003E055F /* ForgotPassword */ = {
			isa = PBXGroup;
			children = (
				1D8DF635211D37610006D2CB /* ForgotPasswordViewController.xib */,
				1D8DF634211D37610006D2CB /* ForgotPasswordViewController.swift */,
			);
			path = ForgotPassword;
			sourceTree = "<group>";
		};
		1DEB4A5F212591F6003E055F /* ChagePassword */ = {
			isa = PBXGroup;
			children = (
				1D8DF64E211D3F5A0006D2CB /* ChangePasswordViewController.xib */,
				1D8DF64D211D3F5A0006D2CB /* ChangePasswordViewController.swift */,
			);
			path = ChagePassword;
			sourceTree = "<group>";
		};
		1DEB4A60212593BC003E055F /* Other */ = {
			isa = PBXGroup;
			children = (
				1D0463B02123C1FB00CAE04B /* MainTabbarController.swift */,
				1D0463B22123CED300CAE04B /* MainNavigationController.swift */,
			);
			path = Other;
			sourceTree = "<group>";
		};
		9403B7A0AF166097F871AE52 /* Pods */ = {
			isa = PBXGroup;
			children = (
				FA6135480CCBA29E20AB06E7 /* Pods-TimeKeeping.debug.xcconfig */,
				31873B2EC9738901886D15E2 /* Pods-TimeKeeping.release.xcconfig */,
			);
			name = Pods;
			sourceTree = "<group>";
		};
		A5421989E6A876BE42CB597A /* Frameworks */ = {
			isa = PBXGroup;
			children = (
				DEEAF214E6341CC08F20009E /* Pods_TimeKeeping.framework */,
			);
			name = Frameworks;
			sourceTree = "<group>";
		};
/* End PBXGroup section */

/* Begin PBXNativeTarget section */
		1D8DF61C211D370A0006D2CB /* TimeKeeping */ = {
			isa = PBXNativeTarget;
			buildConfigurationList = 1D8DF62F211D370B0006D2CB /* Build configuration list for PBXNativeTarget "TimeKeeping" */;
			buildPhases = (
				D503DCDA7D11D2A580663C51 /* [CP] Check Pods Manifest.lock */,
				1D0A348721242C0D00685584 /* Run Script */,
				1D8DF619211D370A0006D2CB /* Sources */,
				1D8DF61A211D370A0006D2CB /* Frameworks */,
				1D8DF61B211D370A0006D2CB /* Resources */,
				8ED62FA6C1A1C4FE1D206248 /* [CP] Embed Pods Frameworks */,
				1DDBA883212561F80095105A /* Embed Frameworks */,
			);
			buildRules = (
			);
			dependencies = (
			);
			name = TimeKeeping;
			productName = TimeKeeping;
			productReference = 1D8DF61D211D370A0006D2CB /* TimeKeeping.app */;
			productType = "com.apple.product-type.application";
		};
/* End PBXNativeTarget section */

/* Begin PBXProject section */
		1D8DF615211D370A0006D2CB /* Project object */ = {
			isa = PBXProject;
			attributes = {
				LastSwiftUpdateCheck = 0940;
				LastUpgradeCheck = 0940;
				ORGANIZATIONNAME = GEM;
				TargetAttributes = {
					1D8DF61C211D370A0006D2CB = {
						CreatedOnToolsVersion = 9.4;
					};
				};
			};
			buildConfigurationList = 1D8DF618211D370A0006D2CB /* Build configuration list for PBXProject "TimeKeeping" */;
			compatibilityVersion = "Xcode 9.3";
			developmentRegion = en;
			hasScannedForEncodings = 0;
			knownRegions = (
				en,
				Base,
			);
			mainGroup = 1D8DF614211D370A0006D2CB;
			productRefGroup = 1D8DF61E211D370A0006D2CB /* Products */;
			projectDirPath = "";
			projectRoot = "";
			targets = (
				1D8DF61C211D370A0006D2CB /* TimeKeeping */,
			);
		};
/* End PBXProject section */

/* Begin PBXResourcesBuildPhase section */
		1D8DF61B211D370A0006D2CB /* Resources */ = {
			isa = PBXResourcesBuildPhase;
			buildActionMask = 2147483647;
			files = (
				1D8DF673211D3FF10006D2CB /* NOTICE.txt in Resources */,
				1D8DF66A211D3FF10006D2CB /* Roboto-MediumItalic.ttf in Resources */,
				1D8DF67C211D82100006D2CB /* TimeKeepingTableViewCell.xib in Resources */,
				1D8DF666211D3FF10006D2CB /* Roboto_Specimen_Book.pdf in Resources */,
				1D3D8B29212510D300F6383C /* PersonnelTableViewCell.xib in Resources */,
				1D8DF66D211D3FF10006D2CB /* Roboto-Light.ttf in Resources */,
				1D8DF663211D3FF10006D2CB /* Roboto-Medium.ttf in Resources */,
				1D8DF66F211D3FF10006D2CB /* Roboto-Bold.ttf in Resources */,
				1D8DF644211D37AD0006D2CB /* TimeKeepingViewController.xib in Resources */,
				1D8DF674211D3FF10006D2CB /* Roboto-BoldCondensed.ttf in Resources */,
				1D8DF665211D3FF10006D2CB /* Roboto-BoldCondensedItalic.ttf in Resources */,
				1D8DF637211D37610006D2CB /* ForgotPasswordViewController.xib in Resources */,
				1D8DF64C211D38CC0006D2CB /* LeftMenuViewController.xib in Resources */,
				1D8DF664211D3FF10006D2CB /* Roboto-Thin.ttf in Resources */,
				1D8DF62B211D370B0006D2CB /* LaunchScreen.storyboard in Resources */,
				1D8DF670211D3FF10006D2CB /* Roboto-LightItalic.ttf in Resources */,
				1D3D8B2321250FBB00F6383C /* PersonnelViewController.xib in Resources */,
				1D8DF671211D3FF10006D2CB /* Roboto-ThinItalic.ttf in Resources */,
				1D8DF63B211D37720006D2CB /* TimeKeepingDetailViewController.xib in Resources */,
				1DD3092B2121880B00217E3F /* TimeKeepingTableViewHeader.xib in Resources */,
				1D8DF628211D370B0006D2CB /* Assets.xcassets in Resources */,
				1D8DF669211D3FF10006D2CB /* Roboto-BoldItalic.ttf in Resources */,
				1D8DF648211D37CA0006D2CB /* MenuTableViewCell.xib in Resources */,
				1D8DF66B211D3FF10006D2CB /* Roboto-BlackItalic.ttf in Resources */,
				1D8DF667211D3FF10006D2CB /* Roboto-Italic.ttf in Resources */,
				1D8DF668211D3FF10006D2CB /* Roboto-Regular.ttf in Resources */,
				1D8DF650211D3F5A0006D2CB /* ChangePasswordViewController.xib in Resources */,
				1D530FC5212120E6006A5029 /* VacationViewController.xib in Resources */,
				1D8DF66C211D3FF10006D2CB /* Roboto-CondensedItalic.ttf in Resources */,
				1D8DF672211D3FF10006D2CB /* Roboto-Black.ttf in Resources */,
				1D8DF626211D370A0006D2CB /* Main.storyboard in Resources */,
				1D8DF66E211D3FF10006D2CB /* Roboto-Condensed.ttf in Resources */,
			);
			runOnlyForDeploymentPostprocessing = 0;
		};
/* End PBXResourcesBuildPhase section */

/* Begin PBXShellScriptBuildPhase section */
		1D0A348721242C0D00685584 /* Run Script */ = {
			isa = PBXShellScriptBuildPhase;
			buildActionMask = 12;
			files = (
			);
			inputPaths = (
			);
			name = "Run Script";
			outputPaths = (
			);
			runOnlyForDeploymentPostprocessing = 0;
			shellPath = /bin/sh;
			shellScript = "\"${PODS_ROOT}/SwiftLint/swiftlint\"";
		};
		8ED62FA6C1A1C4FE1D206248 /* [CP] Embed Pods Frameworks */ = {
			isa = PBXShellScriptBuildPhase;
			buildActionMask = 2147483647;
			files = (
			);
			inputPaths = (
				"${SRCROOT}/Pods/Target Support Files/Pods-TimeKeeping/Pods-TimeKeeping-frameworks.sh",
				"${BUILT_PRODUCTS_DIR}/Kingfisher/Kingfisher.framework",
				"${BUILT_PRODUCTS_DIR}/Realm/Realm.framework",
				"${BUILT_PRODUCTS_DIR}/RealmSwift/RealmSwift.framework",
				"${BUILT_PRODUCTS_DIR}/SideMenu/SideMenu.framework",
			);
			name = "[CP] Embed Pods Frameworks";
			outputPaths = (
				"${TARGET_BUILD_DIR}/${FRAMEWORKS_FOLDER_PATH}/Kingfisher.framework",
				"${TARGET_BUILD_DIR}/${FRAMEWORKS_FOLDER_PATH}/Realm.framework",
				"${TARGET_BUILD_DIR}/${FRAMEWORKS_FOLDER_PATH}/RealmSwift.framework",
				"${TARGET_BUILD_DIR}/${FRAMEWORKS_FOLDER_PATH}/SideMenu.framework",
			);
			runOnlyForDeploymentPostprocessing = 0;
			shellPath = /bin/sh;
			shellScript = "\"${SRCROOT}/Pods/Target Support Files/Pods-TimeKeeping/Pods-TimeKeeping-frameworks.sh\"\n";
			showEnvVarsInLog = 0;
		};
		D503DCDA7D11D2A580663C51 /* [CP] Check Pods Manifest.lock */ = {
			isa = PBXShellScriptBuildPhase;
			buildActionMask = 2147483647;
			files = (
			);
			inputPaths = (
				"${PODS_PODFILE_DIR_PATH}/Podfile.lock",
				"${PODS_ROOT}/Manifest.lock",
			);
			name = "[CP] Check Pods Manifest.lock";
			outputPaths = (
				"$(DERIVED_FILE_DIR)/Pods-TimeKeeping-checkManifestLockResult.txt",
			);
			runOnlyForDeploymentPostprocessing = 0;
			shellPath = /bin/sh;
			shellScript = "diff \"${PODS_PODFILE_DIR_PATH}/Podfile.lock\" \"${PODS_ROOT}/Manifest.lock\" > /dev/null\nif [ $? != 0 ] ; then\n    # print error to STDERR\n    echo \"error: The sandbox is not in sync with the Podfile.lock. Run 'pod install' or update your CocoaPods installation.\" >&2\n    exit 1\nfi\n# This output is used by Xcode 'outputs' to avoid re-running this script phase.\necho \"SUCCESS\" > \"${SCRIPT_OUTPUT_FILE_0}\"\n";
			showEnvVarsInLog = 0;
		};
/* End PBXShellScriptBuildPhase section */

/* Begin PBXSourcesBuildPhase section */
		1D8DF619211D370A0006D2CB /* Sources */ = {
			isa = PBXSourcesBuildPhase;
			buildActionMask = 2147483647;
			files = (
				1DA7FCC72126AB0F00F687BA /* Staff.swift in Sources */,
				1D3D8B28212510D300F6383C /* PersonnelTableViewCell.swift in Sources */,
				1D0463B32123CED300CAE04B /* MainNavigationController.swift in Sources */,
				1D8DF623211D370A0006D2CB /* ViewController.swift in Sources */,
				1D3D8B2221250FBB00F6383C /* PersonnelViewController.swift in Sources */,
				1D8DF64F211D3F5A0006D2CB /* ChangePasswordViewController.swift in Sources */,
				1D8DF67B211D82100006D2CB /* TimeKeepingTableViewCell.swift in Sources */,
				1D0463B12123C1FB00CAE04B /* MainTabbarController.swift in Sources */,
				1D8DF621211D370A0006D2CB /* AppDelegate.swift in Sources */,
				1DD30929212187E200217E3F /* TimeKeepingTableViewHeader.swift in Sources */,
				1D530FC821216640006A5029 /* Extention.swift in Sources */,
				1D8DF647211D37CA0006D2CB /* MenuTableViewCell.swift in Sources */,
				1D530FC4212120E6006A5029 /* VacationViewController.swift in Sources */,
				1D8DF636211D37610006D2CB /* ForgotPasswordViewController.swift in Sources */,
				1D8DF64B211D38CC0006D2CB /* LeftMenuViewController.swift in Sources */,
				1DA7FCC52126A82D00F687BA /* Person.swift in Sources */,
				1D8DF63A211D37720006D2CB /* TimeKeepingDetailViewController.swift in Sources */,
				1DA7FCCF2126D1F000F687BA /* RealmManager.swift in Sources */,
				1D8DF643211D37AD0006D2CB /* TimeKeepingViewController.swift in Sources */,
				1DA7FCCA2126AC0800F687BA /* Department.swift in Sources */,
			);
			runOnlyForDeploymentPostprocessing = 0;
		};
/* End PBXSourcesBuildPhase section */

/* Begin PBXVariantGroup section */
		1D8DF624211D370A0006D2CB /* Main.storyboard */ = {
			isa = PBXVariantGroup;
			children = (
				1D8DF625211D370A0006D2CB /* Base */,
			);
			name = Main.storyboard;
			sourceTree = "<group>";
		};
		1D8DF629211D370B0006D2CB /* LaunchScreen.storyboard */ = {
			isa = PBXVariantGroup;
			children = (
				1D8DF62A211D370B0006D2CB /* Base */,
			);
			name = LaunchScreen.storyboard;
			sourceTree = "<group>";
		};
/* End PBXVariantGroup section */

/* Begin XCBuildConfiguration section */
		1D8DF62D211D370B0006D2CB /* Debug */ = {
			isa = XCBuildConfiguration;
			buildSettings = {
				ALWAYS_SEARCH_USER_PATHS = NO;
				CLANG_ANALYZER_NONNULL = YES;
				CLANG_ANALYZER_NUMBER_OBJECT_CONVERSION = YES_AGGRESSIVE;
				CLANG_CXX_LANGUAGE_STANDARD = "gnu++14";
				CLANG_CXX_LIBRARY = "libc++";
				CLANG_ENABLE_MODULES = YES;
				CLANG_ENABLE_OBJC_ARC = YES;
				CLANG_ENABLE_OBJC_WEAK = YES;
				CLANG_WARN_BLOCK_CAPTURE_AUTORELEASING = YES;
				CLANG_WARN_BOOL_CONVERSION = YES;
				CLANG_WARN_COMMA = YES;
				CLANG_WARN_CONSTANT_CONVERSION = YES;
				CLANG_WARN_DEPRECATED_OBJC_IMPLEMENTATIONS = YES;
				CLANG_WARN_DIRECT_OBJC_ISA_USAGE = YES_ERROR;
				CLANG_WARN_DOCUMENTATION_COMMENTS = YES;
				CLANG_WARN_EMPTY_BODY = YES;
				CLANG_WARN_ENUM_CONVERSION = YES;
				CLANG_WARN_INFINITE_RECURSION = YES;
				CLANG_WARN_INT_CONVERSION = YES;
				CLANG_WARN_NON_LITERAL_NULL_CONVERSION = YES;
				CLANG_WARN_OBJC_IMPLICIT_RETAIN_SELF = YES;
				CLANG_WARN_OBJC_LITERAL_CONVERSION = YES;
				CLANG_WARN_OBJC_ROOT_CLASS = YES_ERROR;
				CLANG_WARN_RANGE_LOOP_ANALYSIS = YES;
				CLANG_WARN_STRICT_PROTOTYPES = YES;
				CLANG_WARN_SUSPICIOUS_MOVE = YES;
				CLANG_WARN_UNGUARDED_AVAILABILITY = YES_AGGRESSIVE;
				CLANG_WARN_UNREACHABLE_CODE = YES;
				CLANG_WARN__DUPLICATE_METHOD_MATCH = YES;
				CODE_SIGN_IDENTITY = "iPhone Developer";
				COPY_PHASE_STRIP = NO;
				DEBUG_INFORMATION_FORMAT = dwarf;
				ENABLE_STRICT_OBJC_MSGSEND = YES;
				ENABLE_TESTABILITY = YES;
				GCC_C_LANGUAGE_STANDARD = gnu11;
				GCC_DYNAMIC_NO_PIC = NO;
				GCC_NO_COMMON_BLOCKS = YES;
				GCC_OPTIMIZATION_LEVEL = 0;
				GCC_PREPROCESSOR_DEFINITIONS = (
					"DEBUG=1",
					"$(inherited)",
				);
				GCC_WARN_64_TO_32_BIT_CONVERSION = YES;
				GCC_WARN_ABOUT_RETURN_TYPE = YES_ERROR;
				GCC_WARN_UNDECLARED_SELECTOR = YES;
				GCC_WARN_UNINITIALIZED_AUTOS = YES_AGGRESSIVE;
				GCC_WARN_UNUSED_FUNCTION = YES;
				GCC_WARN_UNUSED_VARIABLE = YES;
				IPHONEOS_DEPLOYMENT_TARGET = 11.4;
				MTL_ENABLE_DEBUG_INFO = YES;
				ONLY_ACTIVE_ARCH = YES;
				SDKROOT = iphoneos;
				SWIFT_ACTIVE_COMPILATION_CONDITIONS = DEBUG;
				SWIFT_OPTIMIZATION_LEVEL = "-Onone";
			};
			name = Debug;
		};
		1D8DF62E211D370B0006D2CB /* Release */ = {
			isa = XCBuildConfiguration;
			buildSettings = {
				ALWAYS_SEARCH_USER_PATHS = NO;
				CLANG_ANALYZER_NONNULL = YES;
				CLANG_ANALYZER_NUMBER_OBJECT_CONVERSION = YES_AGGRESSIVE;
				CLANG_CXX_LANGUAGE_STANDARD = "gnu++14";
				CLANG_CXX_LIBRARY = "libc++";
				CLANG_ENABLE_MODULES = YES;
				CLANG_ENABLE_OBJC_ARC = YES;
				CLANG_ENABLE_OBJC_WEAK = YES;
				CLANG_WARN_BLOCK_CAPTURE_AUTORELEASING = YES;
				CLANG_WARN_BOOL_CONVERSION = YES;
				CLANG_WARN_COMMA = YES;
				CLANG_WARN_CONSTANT_CONVERSION = YES;
				CLANG_WARN_DEPRECATED_OBJC_IMPLEMENTATIONS = YES;
				CLANG_WARN_DIRECT_OBJC_ISA_USAGE = YES_ERROR;
				CLANG_WARN_DOCUMENTATION_COMMENTS = YES;
				CLANG_WARN_EMPTY_BODY = YES;
				CLANG_WARN_ENUM_CONVERSION = YES;
				CLANG_WARN_INFINITE_RECURSION = YES;
				CLANG_WARN_INT_CONVERSION = YES;
				CLANG_WARN_NON_LITERAL_NULL_CONVERSION = YES;
				CLANG_WARN_OBJC_IMPLICIT_RETAIN_SELF = YES;
				CLANG_WARN_OBJC_LITERAL_CONVERSION = YES;
				CLANG_WARN_OBJC_ROOT_CLASS = YES_ERROR;
				CLANG_WARN_RANGE_LOOP_ANALYSIS = YES;
				CLANG_WARN_STRICT_PROTOTYPES = YES;
				CLANG_WARN_SUSPICIOUS_MOVE = YES;
				CLANG_WARN_UNGUARDED_AVAILABILITY = YES_AGGRESSIVE;
				CLANG_WARN_UNREACHABLE_CODE = YES;
				CLANG_WARN__DUPLICATE_METHOD_MATCH = YES;
				CODE_SIGN_IDENTITY = "iPhone Developer";
				COPY_PHASE_STRIP = NO;
				DEBUG_INFORMATION_FORMAT = "dwarf-with-dsym";
				ENABLE_NS_ASSERTIONS = NO;
				ENABLE_STRICT_OBJC_MSGSEND = YES;
				GCC_C_LANGUAGE_STANDARD = gnu11;
				GCC_NO_COMMON_BLOCKS = YES;
				GCC_WARN_64_TO_32_BIT_CONVERSION = YES;
				GCC_WARN_ABOUT_RETURN_TYPE = YES_ERROR;
				GCC_WARN_UNDECLARED_SELECTOR = YES;
				GCC_WARN_UNINITIALIZED_AUTOS = YES_AGGRESSIVE;
				GCC_WARN_UNUSED_FUNCTION = YES;
				GCC_WARN_UNUSED_VARIABLE = YES;
				IPHONEOS_DEPLOYMENT_TARGET = 11.4;
				MTL_ENABLE_DEBUG_INFO = NO;
				SDKROOT = iphoneos;
				SWIFT_COMPILATION_MODE = wholemodule;
				SWIFT_OPTIMIZATION_LEVEL = "-O";
				VALIDATE_PRODUCT = YES;
			};
			name = Release;
		};
		1D8DF630211D370B0006D2CB /* Debug */ = {
			isa = XCBuildConfiguration;
			baseConfigurationReference = FA6135480CCBA29E20AB06E7 /* Pods-TimeKeeping.debug.xcconfig */;
			buildSettings = {
				ASSETCATALOG_COMPILER_APPICON_NAME = AppIcon;
				CODE_SIGN_STYLE = Automatic;
				DEVELOPMENT_TEAM = 432LPA47M8;
				FRAMEWORK_SEARCH_PATHS = (
					"$(inherited)",
					"$(PROJECT_DIR)",
				);
				INFOPLIST_FILE = TimeKeeping/Info.plist;
				LD_RUNPATH_SEARCH_PATHS = (
					"$(inherited)",
					"@executable_path/Frameworks",
				);
				PRODUCT_BUNDLE_IDENTIFIER = GEM.TimeKeeping;
				PRODUCT_NAME = "$(TARGET_NAME)";
				SWIFT_VERSION = 4.0;
				TARGETED_DEVICE_FAMILY = "1,2";
			};
			name = Debug;
		};
		1D8DF631211D370B0006D2CB /* Release */ = {
			isa = XCBuildConfiguration;
			baseConfigurationReference = 31873B2EC9738901886D15E2 /* Pods-TimeKeeping.release.xcconfig */;
			buildSettings = {
				ASSETCATALOG_COMPILER_APPICON_NAME = AppIcon;
				CODE_SIGN_STYLE = Automatic;
				DEVELOPMENT_TEAM = 432LPA47M8;
				FRAMEWORK_SEARCH_PATHS = (
					"$(inherited)",
					"$(PROJECT_DIR)",
				);
				INFOPLIST_FILE = TimeKeeping/Info.plist;
				LD_RUNPATH_SEARCH_PATHS = (
					"$(inherited)",
					"@executable_path/Frameworks",
				);
				PRODUCT_BUNDLE_IDENTIFIER = GEM.TimeKeeping;
				PRODUCT_NAME = "$(TARGET_NAME)";
				SWIFT_VERSION = 4.0;
				TARGETED_DEVICE_FAMILY = "1,2";
			};
			name = Release;
		};
/* End XCBuildConfiguration section */

/* Begin XCConfigurationList section */
		1D8DF618211D370A0006D2CB /* Build configuration list for PBXProject "TimeKeeping" */ = {
			isa = XCConfigurationList;
			buildConfigurations = (
				1D8DF62D211D370B0006D2CB /* Debug */,
				1D8DF62E211D370B0006D2CB /* Release */,
			);
			defaultConfigurationIsVisible = 0;
			defaultConfigurationName = Release;
		};
		1D8DF62F211D370B0006D2CB /* Build configuration list for PBXNativeTarget "TimeKeeping" */ = {
			isa = XCConfigurationList;
			buildConfigurations = (
				1D8DF630211D370B0006D2CB /* Debug */,
				1D8DF631211D370B0006D2CB /* Release */,
			);
			defaultConfigurationIsVisible = 0;
			defaultConfigurationName = Release;
		};
/* End XCConfigurationList section */
	};
	rootObject = 1D8DF615211D370A0006D2CB /* Project object */;
}
