// !$*UTF8*$!
{
	archiveVersion = 1;
	classes = {
	};
	objectVersion = 50;
	objects = {

/* Begin PBXBuildFile section */
		3BF0B5B26EB4BF7BD8B44CBF /* Pods_Login.framework in Frameworks */ = {isa = PBXBuildFile; fileRef = 87A4BFF0D5E5486FF701E0C5 /* Pods_Login.framework */; };
		84196FA92121260C00553107 /* WeeksTableViewCell.xib in Resources */ = {isa = PBXBuildFile; fileRef = 84196FA82121260C00553107 /* WeeksTableViewCell.xib */; };
		84196FAB2121778A00553107 /* WeeksTableViewCell.swift in Sources */ = {isa = PBXBuildFile; fileRef = 84196FAA2121778A00553107 /* WeeksTableViewCell.swift */; };
		84580ABB2126766E005407EE /* .swiftlint.yml in Resources */ = {isa = PBXBuildFile; fileRef = 84580ABA2126766E005407EE /* .swiftlint.yml */; };
		84B7CB902122B1F300B9CE99 /* BrowseRequestViewController.swift in Sources */ = {isa = PBXBuildFile; fileRef = 84B7CB8E2122B1F300B9CE99 /* BrowseRequestViewController.swift */; };
		84B7CB912122B1F300B9CE99 /* BrowseRequestViewController.xib in Resources */ = {isa = PBXBuildFile; fileRef = 84B7CB8F2122B1F300B9CE99 /* BrowseRequestViewController.xib */; };
		84B7CB9D2122B91A00B9CE99 /* BrowseRequestTableViewCell.swift in Sources */ = {isa = PBXBuildFile; fileRef = 84B7CB9B2122B91A00B9CE99 /* BrowseRequestTableViewCell.swift */; };
		84B7CB9E2122B91A00B9CE99 /* BrowseRequestTableViewCell.xib in Resources */ = {isa = PBXBuildFile; fileRef = 84B7CB9C2122B91A00B9CE99 /* BrowseRequestTableViewCell.xib */; };
		84B7CBA12122B99300B9CE99 /* Vacation.swift in Sources */ = {isa = PBXBuildFile; fileRef = 84B7CBA02122B99300B9CE99 /* Vacation.swift */; };
		84CEB672212BAE4A000890C6 /* QueryService.swift in Sources */ = {isa = PBXBuildFile; fileRef = 84CEB671212BAE4A000890C6 /* QueryService.swift */; };
		84CEB674212BE994000890C6 /* PostSerivce.swift in Sources */ = {isa = PBXBuildFile; fileRef = 84CEB673212BE994000890C6 /* PostSerivce.swift */; };
		84CEB676212BE9E8000890C6 /* APIServiceProvider.swift in Sources */ = {isa = PBXBuildFile; fileRef = 84CEB675212BE9E8000890C6 /* APIServiceProvider.swift */; };
		84CEB678212BE9FA000890C6 /* APIServiceObject.swift in Sources */ = {isa = PBXBuildFile; fileRef = 84CEB677212BE9FA000890C6 /* APIServiceObject.swift */; };
		84CEB67A212BEA0D000890C6 /* APIServiceAgent.swift in Sources */ = {isa = PBXBuildFile; fileRef = 84CEB679212BEA0D000890C6 /* APIServiceAgent.swift */; };
		84CEB67C212BF117000890C6 /* Post.swift in Sources */ = {isa = PBXBuildFile; fileRef = 84CEB67B212BF117000890C6 /* Post.swift */; };
		84CEB684212BFA3C000890C6 /* PostViewController.swift in Sources */ = {isa = PBXBuildFile; fileRef = 84CEB682212BFA3C000890C6 /* PostViewController.swift */; };
		84CEB685212BFA3C000890C6 /* PostViewController.xib in Resources */ = {isa = PBXBuildFile; fileRef = 84CEB683212BFA3C000890C6 /* PostViewController.xib */; };
		84CEB688212BFAB4000890C6 /* PostTableViewCell.swift in Sources */ = {isa = PBXBuildFile; fileRef = 84CEB686212BFAB4000890C6 /* PostTableViewCell.swift */; };
		84CEB689212BFAB5000890C6 /* PostTableViewCell.xib in Resources */ = {isa = PBXBuildFile; fileRef = 84CEB687212BFAB4000890C6 /* PostTableViewCell.xib */; };
		84CEB68C212C20AB000890C6 /* UIViewControllerExtension.swift in Sources */ = {isa = PBXBuildFile; fileRef = 84CEB68B212C20AB000890C6 /* UIViewControllerExtension.swift */; };
		84E5AB9C211D4D44003D1BF9 /* ChangePasswordViewController.swift in Sources */ = {isa = PBXBuildFile; fileRef = 84E5AB9A211D4D44003D1BF9 /* ChangePasswordViewController.swift */; };
		84E5AB9D211D4D44003D1BF9 /* ChangePasswordViewController.xib in Resources */ = {isa = PBXBuildFile; fileRef = 84E5AB9B211D4D44003D1BF9 /* ChangePasswordViewController.xib */; };
		84E5ABA8211D87BA003D1BF9 /* DaysTableViewCell.swift in Sources */ = {isa = PBXBuildFile; fileRef = 84E5ABA6211D87BA003D1BF9 /* DaysTableViewCell.swift */; };
		84E5ABA9211D87BA003D1BF9 /* DaysTableViewCell.xib in Resources */ = {isa = PBXBuildFile; fileRef = 84E5ABA7211D87BA003D1BF9 /* DaysTableViewCell.xib */; };
		84E5ABAB211D97D5003D1BF9 /* DayOfWeek.swift in Sources */ = {isa = PBXBuildFile; fileRef = 84E5ABAA211D97D5003D1BF9 /* DayOfWeek.swift */; };
		84E5ABAD211D98D5003D1BF9 /* Week.swift in Sources */ = {isa = PBXBuildFile; fileRef = 84E5ABAC211D98D5003D1BF9 /* Week.swift */; };
		84E87E02211BE1D700C896B7 /* TimeKeepingViewController.swift in Sources */ = {isa = PBXBuildFile; fileRef = 84E87E00211BE1D700C896B7 /* TimeKeepingViewController.swift */; };
		84E87E03211BE1D700C896B7 /* TimeKeepingViewController.xib in Resources */ = {isa = PBXBuildFile; fileRef = 84E87E01211BE1D700C896B7 /* TimeKeepingViewController.xib */; };
		84E87E06211BE37C00C896B7 /* PersonnelViewController.swift in Sources */ = {isa = PBXBuildFile; fileRef = 84E87E04211BE37C00C896B7 /* PersonnelViewController.swift */; };
		84E87E07211BE37C00C896B7 /* PersonnelViewController.xib in Resources */ = {isa = PBXBuildFile; fileRef = 84E87E05211BE37C00C896B7 /* PersonnelViewController.xib */; };
		84E87E0A211C1AAB00C896B7 /* MenuTableViewCell.swift in Sources */ = {isa = PBXBuildFile; fileRef = 84E87E08211C1AAB00C896B7 /* MenuTableViewCell.swift */; };
		84E87E0B211C1AAB00C896B7 /* FunctionTableViewCell.xib in Resources */ = {isa = PBXBuildFile; fileRef = 84E87E09211C1AAB00C896B7 /* FunctionTableViewCell.xib */; };
		84E87E0D211C1C3E00C896B7 /* Menu.swift in Sources */ = {isa = PBXBuildFile; fileRef = 84E87E0C211C1C3E00C896B7 /* Menu.swift */; };
		84E87E0F211C44D200C896B7 /* Person.swift in Sources */ = {isa = PBXBuildFile; fileRef = 84E87E0E211C44D200C896B7 /* Person.swift */; };
		84E87E12211C462200C896B7 /* PersonTableViewCell.swift in Sources */ = {isa = PBXBuildFile; fileRef = 84E87E10211C462200C896B7 /* PersonTableViewCell.swift */; };
		84E87E13211C462200C896B7 /* PersonTableViewCell.xib in Resources */ = {isa = PBXBuildFile; fileRef = 84E87E11211C462200C896B7 /* PersonTableViewCell.xib */; };
		84ED89B521142E73005D2174 /* AppDelegate.swift in Sources */ = {isa = PBXBuildFile; fileRef = 84ED89B421142E73005D2174 /* AppDelegate.swift */; };
		84ED89B721142E73005D2174 /* ViewController.swift in Sources */ = {isa = PBXBuildFile; fileRef = 84ED89B621142E73005D2174 /* ViewController.swift */; };
		84ED89BA21142E73005D2174 /* Main.storyboard in Resources */ = {isa = PBXBuildFile; fileRef = 84ED89B821142E73005D2174 /* Main.storyboard */; };
		84ED89BC21142E74005D2174 /* Assets.xcassets in Resources */ = {isa = PBXBuildFile; fileRef = 84ED89BB21142E74005D2174 /* Assets.xcassets */; };
		84ED89BF21142E74005D2174 /* LaunchScreen.storyboard in Resources */ = {isa = PBXBuildFile; fileRef = 84ED89BD21142E74005D2174 /* LaunchScreen.storyboard */; };
		84F03667212A645800A663C5 /* RealmManager.swift in Sources */ = {isa = PBXBuildFile; fileRef = 84F03666212A645800A663C5 /* RealmManager.swift */; };
		84F4542A2117EBBB00217F3D /* Roboto-BlackItalic.ttf in Resources */ = {isa = PBXBuildFile; fileRef = 84F4541A2117EBBA00217F3D /* Roboto-BlackItalic.ttf */; };
		84F4542B2117EBBB00217F3D /* Roboto-Black.ttf in Resources */ = {isa = PBXBuildFile; fileRef = 84F4541B2117EBBA00217F3D /* Roboto-Black.ttf */; };
		84F4542C2117EBBB00217F3D /* Roboto-Bold.ttf in Resources */ = {isa = PBXBuildFile; fileRef = 84F4541C2117EBBA00217F3D /* Roboto-Bold.ttf */; };
		84F4542D2117EBBB00217F3D /* Roboto-Light.ttf in Resources */ = {isa = PBXBuildFile; fileRef = 84F4541D2117EBBA00217F3D /* Roboto-Light.ttf */; };
		84F4542E2117EBBB00217F3D /* Roboto-ThinItalic.ttf in Resources */ = {isa = PBXBuildFile; fileRef = 84F4541E2117EBBA00217F3D /* Roboto-ThinItalic.ttf */; };
		84F4542F2117EBBB00217F3D /* Roboto-BoldCondensed.ttf in Resources */ = {isa = PBXBuildFile; fileRef = 84F4541F2117EBBA00217F3D /* Roboto-BoldCondensed.ttf */; };
		84F454302117EBBB00217F3D /* Roboto-Italic.ttf in Resources */ = {isa = PBXBuildFile; fileRef = 84F454202117EBBA00217F3D /* Roboto-Italic.ttf */; };
		84F454312117EBBB00217F3D /* Roboto-Thin.ttf in Resources */ = {isa = PBXBuildFile; fileRef = 84F454212117EBBA00217F3D /* Roboto-Thin.ttf */; };
		84F454322117EBBB00217F3D /* Roboto-Condensed.ttf in Resources */ = {isa = PBXBuildFile; fileRef = 84F454222117EBBA00217F3D /* Roboto-Condensed.ttf */; };
		84F454332117EBBB00217F3D /* Roboto-Regular.ttf in Resources */ = {isa = PBXBuildFile; fileRef = 84F454232117EBBA00217F3D /* Roboto-Regular.ttf */; };
		84F454342117EBBB00217F3D /* Roboto-BoldItalic.ttf in Resources */ = {isa = PBXBuildFile; fileRef = 84F454242117EBBA00217F3D /* Roboto-BoldItalic.ttf */; };
		84F454352117EBBB00217F3D /* Roboto-MediumItalic.ttf in Resources */ = {isa = PBXBuildFile; fileRef = 84F454252117EBBA00217F3D /* Roboto-MediumItalic.ttf */; };
		84F454362117EBBB00217F3D /* Roboto-Medium.ttf in Resources */ = {isa = PBXBuildFile; fileRef = 84F454262117EBBA00217F3D /* Roboto-Medium.ttf */; };
		84F454372117EBBB00217F3D /* Roboto-CondensedItalic.ttf in Resources */ = {isa = PBXBuildFile; fileRef = 84F454272117EBBA00217F3D /* Roboto-CondensedItalic.ttf */; };
		84F454382117EBBB00217F3D /* Roboto-BoldCondensedItalic.ttf in Resources */ = {isa = PBXBuildFile; fileRef = 84F454282117EBBA00217F3D /* Roboto-BoldCondensedItalic.ttf */; };
		84F454392117EBBB00217F3D /* Roboto-LightItalic.ttf in Resources */ = {isa = PBXBuildFile; fileRef = 84F454292117EBBB00217F3D /* Roboto-LightItalic.ttf */; };
		84F45470211853CC00217F3D /* FogotPasswordController.swift in Sources */ = {isa = PBXBuildFile; fileRef = 84F4546E211853CC00217F3D /* FogotPasswordController.swift */; };
		84F45471211853CC00217F3D /* FogotPasswordController.xib in Resources */ = {isa = PBXBuildFile; fileRef = 84F4546F211853CC00217F3D /* FogotPasswordController.xib */; };
		84F454742118555800217F3D /* HomeController.swift in Sources */ = {isa = PBXBuildFile; fileRef = 84F454722118555800217F3D /* HomeController.swift */; };
		84F454752118555800217F3D /* HomeController.xib in Resources */ = {isa = PBXBuildFile; fileRef = 84F454732118555800217F3D /* HomeController.xib */; };
		84F454782118570E00217F3D /* ProfileController.swift in Sources */ = {isa = PBXBuildFile; fileRef = 84F454762118570E00217F3D /* ProfileController.swift */; };
		84F454792118570E00217F3D /* ProfileController.xib in Resources */ = {isa = PBXBuildFile; fileRef = 84F454772118570E00217F3D /* ProfileController.xib */; };
/* End PBXBuildFile section */

/* Begin PBXFileReference section */
		0CCD682A34C70A6AFA0ED759 /* Pods-Login.release.xcconfig */ = {isa = PBXFileReference; includeInIndex = 1; lastKnownFileType = text.xcconfig; name = "Pods-Login.release.xcconfig"; path = "Pods/Target Support Files/Pods-Login/Pods-Login.release.xcconfig"; sourceTree = "<group>"; };
		84196FA82121260C00553107 /* WeeksTableViewCell.xib */ = {isa = PBXFileReference; lastKnownFileType = file.xib; path = WeeksTableViewCell.xib; sourceTree = "<group>"; };
		84196FAA2121778A00553107 /* WeeksTableViewCell.swift */ = {isa = PBXFileReference; lastKnownFileType = sourcecode.swift; path = WeeksTableViewCell.swift; sourceTree = "<group>"; };
		84580ABA2126766E005407EE /* .swiftlint.yml */ = {isa = PBXFileReference; fileEncoding = 4; lastKnownFileType = text; path = .swiftlint.yml; sourceTree = "<group>"; };
		84B7CB8E2122B1F300B9CE99 /* BrowseRequestViewController.swift */ = {isa = PBXFileReference; lastKnownFileType = sourcecode.swift; path = BrowseRequestViewController.swift; sourceTree = "<group>"; };
		84B7CB8F2122B1F300B9CE99 /* BrowseRequestViewController.xib */ = {isa = PBXFileReference; lastKnownFileType = file.xib; path = BrowseRequestViewController.xib; sourceTree = "<group>"; };
		84B7CB9B2122B91A00B9CE99 /* BrowseRequestTableViewCell.swift */ = {isa = PBXFileReference; lastKnownFileType = sourcecode.swift; path = BrowseRequestTableViewCell.swift; sourceTree = "<group>"; };
		84B7CB9C2122B91A00B9CE99 /* BrowseRequestTableViewCell.xib */ = {isa = PBXFileReference; lastKnownFileType = file.xib; path = BrowseRequestTableViewCell.xib; sourceTree = "<group>"; };
		84B7CBA02122B99300B9CE99 /* Vacation.swift */ = {isa = PBXFileReference; lastKnownFileType = sourcecode.swift; path = Vacation.swift; sourceTree = "<group>"; };
		84CEB671212BAE4A000890C6 /* QueryService.swift */ = {isa = PBXFileReference; lastKnownFileType = sourcecode.swift; path = QueryService.swift; sourceTree = "<group>"; };
		84CEB673212BE994000890C6 /* PostSerivce.swift */ = {isa = PBXFileReference; lastKnownFileType = sourcecode.swift; path = PostSerivce.swift; sourceTree = "<group>"; };
		84CEB675212BE9E8000890C6 /* APIServiceProvider.swift */ = {isa = PBXFileReference; lastKnownFileType = sourcecode.swift; path = APIServiceProvider.swift; sourceTree = "<group>"; };
		84CEB677212BE9FA000890C6 /* APIServiceObject.swift */ = {isa = PBXFileReference; lastKnownFileType = sourcecode.swift; path = APIServiceObject.swift; sourceTree = "<group>"; };
		84CEB679212BEA0D000890C6 /* APIServiceAgent.swift */ = {isa = PBXFileReference; lastKnownFileType = sourcecode.swift; path = APIServiceAgent.swift; sourceTree = "<group>"; };
		84CEB67B212BF117000890C6 /* Post.swift */ = {isa = PBXFileReference; lastKnownFileType = sourcecode.swift; path = Post.swift; sourceTree = "<group>"; };
		84CEB682212BFA3C000890C6 /* PostViewController.swift */ = {isa = PBXFileReference; lastKnownFileType = sourcecode.swift; path = PostViewController.swift; sourceTree = "<group>"; };
		84CEB683212BFA3C000890C6 /* PostViewController.xib */ = {isa = PBXFileReference; lastKnownFileType = file.xib; path = PostViewController.xib; sourceTree = "<group>"; };
		84CEB686212BFAB4000890C6 /* PostTableViewCell.swift */ = {isa = PBXFileReference; lastKnownFileType = sourcecode.swift; path = PostTableViewCell.swift; sourceTree = "<group>"; };
		84CEB687212BFAB4000890C6 /* PostTableViewCell.xib */ = {isa = PBXFileReference; lastKnownFileType = file.xib; path = PostTableViewCell.xib; sourceTree = "<group>"; };
		84CEB68B212C20AB000890C6 /* UIViewControllerExtension.swift */ = {isa = PBXFileReference; lastKnownFileType = sourcecode.swift; path = UIViewControllerExtension.swift; sourceTree = "<group>"; };
		84E5AB9A211D4D44003D1BF9 /* ChangePasswordViewController.swift */ = {isa = PBXFileReference; lastKnownFileType = sourcecode.swift; path = ChangePasswordViewController.swift; sourceTree = "<group>"; };
		84E5AB9B211D4D44003D1BF9 /* ChangePasswordViewController.xib */ = {isa = PBXFileReference; lastKnownFileType = file.xib; path = ChangePasswordViewController.xib; sourceTree = "<group>"; };
		84E5ABA6211D87BA003D1BF9 /* DaysTableViewCell.swift */ = {isa = PBXFileReference; lastKnownFileType = sourcecode.swift; path = DaysTableViewCell.swift; sourceTree = "<group>"; };
		84E5ABA7211D87BA003D1BF9 /* DaysTableViewCell.xib */ = {isa = PBXFileReference; lastKnownFileType = file.xib; path = DaysTableViewCell.xib; sourceTree = "<group>"; };
		84E5ABAA211D97D5003D1BF9 /* DayOfWeek.swift */ = {isa = PBXFileReference; lastKnownFileType = sourcecode.swift; path = DayOfWeek.swift; sourceTree = "<group>"; };
		84E5ABAC211D98D5003D1BF9 /* Week.swift */ = {isa = PBXFileReference; lastKnownFileType = sourcecode.swift; path = Week.swift; sourceTree = "<group>"; };
		84E87E00211BE1D700C896B7 /* TimeKeepingViewController.swift */ = {isa = PBXFileReference; lastKnownFileType = sourcecode.swift; path = TimeKeepingViewController.swift; sourceTree = "<group>"; };
		84E87E01211BE1D700C896B7 /* TimeKeepingViewController.xib */ = {isa = PBXFileReference; lastKnownFileType = file.xib; path = TimeKeepingViewController.xib; sourceTree = "<group>"; };
		84E87E04211BE37C00C896B7 /* PersonnelViewController.swift */ = {isa = PBXFileReference; lastKnownFileType = sourcecode.swift; path = PersonnelViewController.swift; sourceTree = "<group>"; };
		84E87E05211BE37C00C896B7 /* PersonnelViewController.xib */ = {isa = PBXFileReference; lastKnownFileType = file.xib; path = PersonnelViewController.xib; sourceTree = "<group>"; };
		84E87E08211C1AAB00C896B7 /* MenuTableViewCell.swift */ = {isa = PBXFileReference; lastKnownFileType = sourcecode.swift; path = MenuTableViewCell.swift; sourceTree = "<group>"; };
		84E87E09211C1AAB00C896B7 /* FunctionTableViewCell.xib */ = {isa = PBXFileReference; lastKnownFileType = file.xib; path = FunctionTableViewCell.xib; sourceTree = "<group>"; };
		84E87E0C211C1C3E00C896B7 /* Menu.swift */ = {isa = PBXFileReference; lastKnownFileType = sourcecode.swift; path = Menu.swift; sourceTree = "<group>"; };
		84E87E0E211C44D200C896B7 /* Person.swift */ = {isa = PBXFileReference; lastKnownFileType = sourcecode.swift; path = Person.swift; sourceTree = "<group>"; };
		84E87E10211C462200C896B7 /* PersonTableViewCell.swift */ = {isa = PBXFileReference; lastKnownFileType = sourcecode.swift; path = PersonTableViewCell.swift; sourceTree = "<group>"; };
		84E87E11211C462200C896B7 /* PersonTableViewCell.xib */ = {isa = PBXFileReference; lastKnownFileType = file.xib; path = PersonTableViewCell.xib; sourceTree = "<group>"; };
		84ED89B121142E73005D2174 /* Login.app */ = {isa = PBXFileReference; explicitFileType = wrapper.application; includeInIndex = 0; path = Login.app; sourceTree = BUILT_PRODUCTS_DIR; };
		84ED89B421142E73005D2174 /* AppDelegate.swift */ = {isa = PBXFileReference; lastKnownFileType = sourcecode.swift; path = AppDelegate.swift; sourceTree = "<group>"; };
		84ED89B621142E73005D2174 /* ViewController.swift */ = {isa = PBXFileReference; lastKnownFileType = sourcecode.swift; path = ViewController.swift; sourceTree = "<group>"; };
		84ED89B921142E73005D2174 /* Base */ = {isa = PBXFileReference; lastKnownFileType = file.storyboard; name = Base; path = Base.lproj/Main.storyboard; sourceTree = "<group>"; };
		84ED89BB21142E74005D2174 /* Assets.xcassets */ = {isa = PBXFileReference; lastKnownFileType = folder.assetcatalog; path = Assets.xcassets; sourceTree = "<group>"; };
		84ED89BE21142E74005D2174 /* Base */ = {isa = PBXFileReference; lastKnownFileType = file.storyboard; name = Base; path = Base.lproj/LaunchScreen.storyboard; sourceTree = "<group>"; };
		84ED89C021142E74005D2174 /* Info.plist */ = {isa = PBXFileReference; lastKnownFileType = text.plist.xml; path = Info.plist; sourceTree = "<group>"; };
		84F03666212A645800A663C5 /* RealmManager.swift */ = {isa = PBXFileReference; lastKnownFileType = sourcecode.swift; path = RealmManager.swift; sourceTree = "<group>"; };
		84F4541A2117EBBA00217F3D /* Roboto-BlackItalic.ttf */ = {isa = PBXFileReference; lastKnownFileType = file; path = "Roboto-BlackItalic.ttf"; sourceTree = "<group>"; };
		84F4541B2117EBBA00217F3D /* Roboto-Black.ttf */ = {isa = PBXFileReference; lastKnownFileType = file; path = "Roboto-Black.ttf"; sourceTree = "<group>"; };
		84F4541C2117EBBA00217F3D /* Roboto-Bold.ttf */ = {isa = PBXFileReference; lastKnownFileType = file; path = "Roboto-Bold.ttf"; sourceTree = "<group>"; };
		84F4541D2117EBBA00217F3D /* Roboto-Light.ttf */ = {isa = PBXFileReference; lastKnownFileType = file; path = "Roboto-Light.ttf"; sourceTree = "<group>"; };
		84F4541E2117EBBA00217F3D /* Roboto-ThinItalic.ttf */ = {isa = PBXFileReference; lastKnownFileType = file; path = "Roboto-ThinItalic.ttf"; sourceTree = "<group>"; };
		84F4541F2117EBBA00217F3D /* Roboto-BoldCondensed.ttf */ = {isa = PBXFileReference; lastKnownFileType = file; path = "Roboto-BoldCondensed.ttf"; sourceTree = "<group>"; };
		84F454202117EBBA00217F3D /* Roboto-Italic.ttf */ = {isa = PBXFileReference; lastKnownFileType = file; path = "Roboto-Italic.ttf"; sourceTree = "<group>"; };
		84F454212117EBBA00217F3D /* Roboto-Thin.ttf */ = {isa = PBXFileReference; lastKnownFileType = file; path = "Roboto-Thin.ttf"; sourceTree = "<group>"; };
		84F454222117EBBA00217F3D /* Roboto-Condensed.ttf */ = {isa = PBXFileReference; lastKnownFileType = file; path = "Roboto-Condensed.ttf"; sourceTree = "<group>"; };
		84F454232117EBBA00217F3D /* Roboto-Regular.ttf */ = {isa = PBXFileReference; lastKnownFileType = file; path = "Roboto-Regular.ttf"; sourceTree = "<group>"; };
		84F454242117EBBA00217F3D /* Roboto-BoldItalic.ttf */ = {isa = PBXFileReference; lastKnownFileType = file; path = "Roboto-BoldItalic.ttf"; sourceTree = "<group>"; };
		84F454252117EBBA00217F3D /* Roboto-MediumItalic.ttf */ = {isa = PBXFileReference; lastKnownFileType = file; path = "Roboto-MediumItalic.ttf"; sourceTree = "<group>"; };
		84F454262117EBBA00217F3D /* Roboto-Medium.ttf */ = {isa = PBXFileReference; lastKnownFileType = file; path = "Roboto-Medium.ttf"; sourceTree = "<group>"; };
		84F454272117EBBA00217F3D /* Roboto-CondensedItalic.ttf */ = {isa = PBXFileReference; lastKnownFileType = file; path = "Roboto-CondensedItalic.ttf"; sourceTree = "<group>"; };
		84F454282117EBBA00217F3D /* Roboto-BoldCondensedItalic.ttf */ = {isa = PBXFileReference; lastKnownFileType = file; path = "Roboto-BoldCondensedItalic.ttf"; sourceTree = "<group>"; };
		84F454292117EBBB00217F3D /* Roboto-LightItalic.ttf */ = {isa = PBXFileReference; lastKnownFileType = file; path = "Roboto-LightItalic.ttf"; sourceTree = "<group>"; };
		84F4546E211853CC00217F3D /* FogotPasswordController.swift */ = {isa = PBXFileReference; lastKnownFileType = sourcecode.swift; path = FogotPasswordController.swift; sourceTree = "<group>"; };
		84F4546F211853CC00217F3D /* FogotPasswordController.xib */ = {isa = PBXFileReference; lastKnownFileType = file.xib; path = FogotPasswordController.xib; sourceTree = "<group>"; };
		84F454722118555800217F3D /* HomeController.swift */ = {isa = PBXFileReference; lastKnownFileType = sourcecode.swift; path = HomeController.swift; sourceTree = "<group>"; };
		84F454732118555800217F3D /* HomeController.xib */ = {isa = PBXFileReference; lastKnownFileType = file.xib; path = HomeController.xib; sourceTree = "<group>"; };
		84F454762118570E00217F3D /* ProfileController.swift */ = {isa = PBXFileReference; lastKnownFileType = sourcecode.swift; path = ProfileController.swift; sourceTree = "<group>"; };
		84F454772118570E00217F3D /* ProfileController.xib */ = {isa = PBXFileReference; lastKnownFileType = file.xib; path = ProfileController.xib; sourceTree = "<group>"; };
		87A4BFF0D5E5486FF701E0C5 /* Pods_Login.framework */ = {isa = PBXFileReference; explicitFileType = wrapper.framework; includeInIndex = 0; path = Pods_Login.framework; sourceTree = BUILT_PRODUCTS_DIR; };
		E02A2A7625232BF928AD48C4 /* Pods-Login.debug.xcconfig */ = {isa = PBXFileReference; includeInIndex = 1; lastKnownFileType = text.xcconfig; name = "Pods-Login.debug.xcconfig"; path = "Pods/Target Support Files/Pods-Login/Pods-Login.debug.xcconfig"; sourceTree = "<group>"; };
/* End PBXFileReference section */

/* Begin PBXFrameworksBuildPhase section */
		84ED89AE21142E73005D2174 /* Frameworks */ = {
			isa = PBXFrameworksBuildPhase;
			buildActionMask = 2147483647;
			files = (
				3BF0B5B26EB4BF7BD8B44CBF /* Pods_Login.framework in Frameworks */,
			);
			runOnlyForDeploymentPostprocessing = 0;
		};
/* End PBXFrameworksBuildPhase section */

/* Begin PBXGroup section */
		84580ABC21268801005407EE /* Application */ = {
			isa = PBXGroup;
			children = (
				84ED89BB21142E74005D2174 /* Assets.xcassets */,
				84ED89B421142E73005D2174 /* AppDelegate.swift */,
			);
			path = Application;
			sourceTree = "<group>";
		};
		84580ABD21268819005407EE /* Login */ = {
			isa = PBXGroup;
			children = (
				84ED89B621142E73005D2174 /* ViewController.swift */,
				84ED89B821142E73005D2174 /* Main.storyboard */,
			);
			path = Login;
			sourceTree = "<group>";
		};
		845E43713E4552082F29BD8E /* Pods */ = {
			isa = PBXGroup;
			children = (
				E02A2A7625232BF928AD48C4 /* Pods-Login.debug.xcconfig */,
				0CCD682A34C70A6AFA0ED759 /* Pods-Login.release.xcconfig */,
			);
			name = Pods;
			sourceTree = "<group>";
		};
		8462200621265D2F0018D765 /* PersonTableCell */ = {
			isa = PBXGroup;
			children = (
				84E87E10211C462200C896B7 /* PersonTableViewCell.swift */,
				84E87E11211C462200C896B7 /* PersonTableViewCell.xib */,
			);
			path = PersonTableCell;
			sourceTree = "<group>";
		};
		8462200721265D500018D765 /* PersonViewController */ = {
			isa = PBXGroup;
			children = (
				84E87E04211BE37C00C896B7 /* PersonnelViewController.swift */,
				84E87E05211BE37C00C896B7 /* PersonnelViewController.xib */,
			);
			path = PersonViewController;
			sourceTree = "<group>";
		};
		8462200821265D730018D765 /* ChangePasswordViewController */ = {
			isa = PBXGroup;
			children = (
				84E5AB9A211D4D44003D1BF9 /* ChangePasswordViewController.swift */,
				84E5AB9B211D4D44003D1BF9 /* ChangePasswordViewController.xib */,
			);
			path = ChangePasswordViewController;
			sourceTree = "<group>";
		};
		8462200921265D880018D765 /* ProfileTableViewCell */ = {
			isa = PBXGroup;
			children = (
				84E87E08211C1AAB00C896B7 /* MenuTableViewCell.swift */,
				84E87E09211C1AAB00C896B7 /* FunctionTableViewCell.xib */,
			);
			path = ProfileTableViewCell;
			sourceTree = "<group>";
		};
		8462200A21265DA70018D765 /* ProfileViewController */ = {
			isa = PBXGroup;
			children = (
				84F454762118570E00217F3D /* ProfileController.swift */,
				84F454772118570E00217F3D /* ProfileController.xib */,
			);
			path = ProfileViewController;
			sourceTree = "<group>";
		};
		8462200B21265DC20018D765 /* FogotPasswordViewController */ = {
			isa = PBXGroup;
			children = (
				84F4546E211853CC00217F3D /* FogotPasswordController.swift */,
				84F4546F211853CC00217F3D /* FogotPasswordController.xib */,
			);
			path = FogotPasswordViewController;
			sourceTree = "<group>";
		};
		8462200C21265DD70018D765 /* TimeKeepingTableViewCell */ = {
			isa = PBXGroup;
			children = (
				84196FAA2121778A00553107 /* WeeksTableViewCell.swift */,
				84196FA82121260C00553107 /* WeeksTableViewCell.xib */,
				84E5ABA6211D87BA003D1BF9 /* DaysTableViewCell.swift */,
				84E5ABA7211D87BA003D1BF9 /* DaysTableViewCell.xib */,
			);
			path = TimeKeepingTableViewCell;
			sourceTree = "<group>";
		};
		8462200D21265DF70018D765 /* TimeKeepingViewController */ = {
			isa = PBXGroup;
			children = (
				84E87E00211BE1D700C896B7 /* TimeKeepingViewController.swift */,
				84E87E01211BE1D700C896B7 /* TimeKeepingViewController.xib */,
			);
			path = TimeKeepingViewController;
			sourceTree = "<group>";
		};
		8462200E21265E0D0018D765 /* BrowseRequestTableViewCell */ = {
			isa = PBXGroup;
			children = (
				84B7CB9B2122B91A00B9CE99 /* BrowseRequestTableViewCell.swift */,
				84B7CB9C2122B91A00B9CE99 /* BrowseRequestTableViewCell.xib */,
			);
			path = BrowseRequestTableViewCell;
			sourceTree = "<group>";
		};
		8462200F21265E210018D765 /* BrowseRequestViewController */ = {
			isa = PBXGroup;
			children = (
				84B7CB8E2122B1F300B9CE99 /* BrowseRequestViewController.swift */,
				84B7CB8F2122B1F300B9CE99 /* BrowseRequestViewController.xib */,
			);
			path = BrowseRequestViewController;
			sourceTree = "<group>";
		};
		84B7CB8D2122B1A500B9CE99 /* BrowseRequest */ = {
			isa = PBXGroup;
			children = (
				8462200F21265E210018D765 /* BrowseRequestViewController */,
				8462200E21265E0D0018D765 /* BrowseRequestTableViewCell */,
				84B7CB9F2122B92100B9CE99 /* Model */,
			);
			path = BrowseRequest;
			sourceTree = "<group>";
		};
		84B7CB922122B4B800B9CE99 /* TimeKeeping */ = {
			isa = PBXGroup;
			children = (
				8462200D21265DF70018D765 /* TimeKeepingViewController */,
				8462200C21265DD70018D765 /* TimeKeepingTableViewCell */,
				84B7CB942122B53A00B9CE99 /* Model */,
			);
			path = TimeKeeping;
			sourceTree = "<group>";
		};
		84B7CB932122B51700B9CE99 /* FogotPassword */ = {
			isa = PBXGroup;
			children = (
				8462200B21265DC20018D765 /* FogotPasswordViewController */,
			);
			path = FogotPassword;
			sourceTree = "<group>";
		};
		84B7CB942122B53A00B9CE99 /* Model */ = {
			isa = PBXGroup;
			children = (
				84E5ABAA211D97D5003D1BF9 /* DayOfWeek.swift */,
				84E5ABAC211D98D5003D1BF9 /* Week.swift */,
			);
			path = Model;
			sourceTree = "<group>";
		};
		84B7CB952122B55400B9CE99 /* Profile */ = {
			isa = PBXGroup;
			children = (
				8462200A21265DA70018D765 /* ProfileViewController */,
				8462200921265D880018D765 /* ProfileTableViewCell */,
				84B7CB972122B5A600B9CE99 /* Model */,
			);
			path = Profile;
			sourceTree = "<group>";
		};
		84B7CB962122B57400B9CE99 /* ChangePassword */ = {
			isa = PBXGroup;
			children = (
				8462200821265D730018D765 /* ChangePasswordViewController */,
			);
			path = ChangePassword;
			sourceTree = "<group>";
		};
		84B7CB972122B5A600B9CE99 /* Model */ = {
			isa = PBXGroup;
			children = (
				84E87E0C211C1C3E00C896B7 /* Menu.swift */,
			);
			path = Model;
			sourceTree = "<group>";
		};
		84B7CB982122B5BC00B9CE99 /* Personnel */ = {
			isa = PBXGroup;
			children = (
				8462200721265D500018D765 /* PersonViewController */,
				8462200621265D2F0018D765 /* PersonTableCell */,
				84B7CB992122B5CD00B9CE99 /* Model */,
			);
			path = Personnel;
			sourceTree = "<group>";
		};
		84B7CB992122B5CD00B9CE99 /* Model */ = {
			isa = PBXGroup;
			children = (
				84E87E0E211C44D200C896B7 /* Person.swift */,
			);
			path = Model;
			sourceTree = "<group>";
		};
		84B7CB9A2122B5D900B9CE99 /* Home */ = {
			isa = PBXGroup;
			children = (
				84F454722118555800217F3D /* HomeController.swift */,
				84F454732118555800217F3D /* HomeController.xib */,
			);
			name = Home;
			sourceTree = "<group>";
		};
		84B7CB9F2122B92100B9CE99 /* Model */ = {
			isa = PBXGroup;
			children = (
				84B7CBA02122B99300B9CE99 /* Vacation.swift */,
			);
			path = Model;
			sourceTree = "<group>";
		};
		84CEB670212BAE14000890C6 /* NetWorking */ = {
			isa = PBXGroup;
			children = (
				84CEB671212BAE4A000890C6 /* QueryService.swift */,
				84CEB673212BE994000890C6 /* PostSerivce.swift */,
				84CEB675212BE9E8000890C6 /* APIServiceProvider.swift */,
				84CEB677212BE9FA000890C6 /* APIServiceObject.swift */,
				84CEB679212BEA0D000890C6 /* APIServiceAgent.swift */,
			);
			path = NetWorking;
			sourceTree = "<group>";
		};
		84CEB67D212BF9DF000890C6 /* Post */ = {
			isa = PBXGroup;
			children = (
				84CEB681212BFA19000890C6 /* Model */,
				84CEB680212BFA0B000890C6 /* PostCell */,
				84CEB67E212BF9F2000890C6 /* PostViewController */,
			);
			path = Post;
			sourceTree = "<group>";
		};
		84CEB67E212BF9F2000890C6 /* PostViewController */ = {
			isa = PBXGroup;
			children = (
				84CEB682212BFA3C000890C6 /* PostViewController.swift */,
				84CEB683212BFA3C000890C6 /* PostViewController.xib */,
			);
			path = PostViewController;
			sourceTree = "<group>";
		};
		84CEB680212BFA0B000890C6 /* PostCell */ = {
			isa = PBXGroup;
			children = (
				84CEB686212BFAB4000890C6 /* PostTableViewCell.swift */,
				84CEB687212BFAB4000890C6 /* PostTableViewCell.xib */,
			);
			path = PostCell;
			sourceTree = "<group>";
		};
		84CEB681212BFA19000890C6 /* Model */ = {
			isa = PBXGroup;
			children = (
				84CEB67B212BF117000890C6 /* Post.swift */,
			);
			path = Model;
			sourceTree = "<group>";
		};
		84CEB68A212C207C000890C6 /* Extension */ = {
			isa = PBXGroup;
			children = (
				84CEB68B212C20AB000890C6 /* UIViewControllerExtension.swift */,
			);
			path = Extension;
			sourceTree = "<group>";
		};
		84D621832126DDE900D5BA35 /* Helper */ = {
			isa = PBXGroup;
			children = (
				84CEB670212BAE14000890C6 /* NetWorking */,
				84F03666212A645800A663C5 /* RealmManager.swift */,
			);
			path = Helper;
			sourceTree = "<group>";
		};
		84ED89A821142E73005D2174 = {
			isa = PBXGroup;
			children = (
				84580ABA2126766E005407EE /* .swiftlint.yml */,
				84ED89B321142E73005D2174 /* Login */,
				84ED89B221142E73005D2174 /* Products */,
				84F4546D211852F900217F3D /* Recovered References */,
				845E43713E4552082F29BD8E /* Pods */,
				9911C8C9EB2D03005D6733FD /* Frameworks */,
			);
			sourceTree = "<group>";
		};
		84ED89B221142E73005D2174 /* Products */ = {
			isa = PBXGroup;
			children = (
				84ED89B121142E73005D2174 /* Login.app */,
			);
			name = Products;
			sourceTree = "<group>";
		};
		84ED89B321142E73005D2174 /* Login */ = {
			isa = PBXGroup;
			children = (
				84CEB68A212C207C000890C6 /* Extension */,
				84CEB67D212BF9DF000890C6 /* Post */,
				84D621832126DDE900D5BA35 /* Helper */,
				84580ABD21268819005407EE /* Login */,
				84580ABC21268801005407EE /* Application */,
				84B7CB9A2122B5D900B9CE99 /* Home */,
				84B7CB982122B5BC00B9CE99 /* Personnel */,
				84B7CB962122B57400B9CE99 /* ChangePassword */,
				84B7CB952122B55400B9CE99 /* Profile */,
				84B7CB932122B51700B9CE99 /* FogotPassword */,
				84B7CB922122B4B800B9CE99 /* TimeKeeping */,
				84B7CB8D2122B1A500B9CE99 /* BrowseRequest */,
				84F454182117EBA000217F3D /* Resource */,
				84ED89BD21142E74005D2174 /* LaunchScreen.storyboard */,
				84ED89C021142E74005D2174 /* Info.plist */,
			);
			path = Login;
			sourceTree = "<group>";
		};
		84F454182117EBA000217F3D /* Resource */ = {
			isa = PBXGroup;
			children = (
				84F454192117EBAB00217F3D /* Fonts */,
			);
			path = Resource;
			sourceTree = "<group>";
		};
		84F454192117EBAB00217F3D /* Fonts */ = {
			isa = PBXGroup;
			children = (
				84F4541B2117EBBA00217F3D /* Roboto-Black.ttf */,
				84F4541A2117EBBA00217F3D /* Roboto-BlackItalic.ttf */,
				84F4541C2117EBBA00217F3D /* Roboto-Bold.ttf */,
				84F4541F2117EBBA00217F3D /* Roboto-BoldCondensed.ttf */,
				84F454282117EBBA00217F3D /* Roboto-BoldCondensedItalic.ttf */,
				84F454242117EBBA00217F3D /* Roboto-BoldItalic.ttf */,
				84F454222117EBBA00217F3D /* Roboto-Condensed.ttf */,
				84F454272117EBBA00217F3D /* Roboto-CondensedItalic.ttf */,
				84F454202117EBBA00217F3D /* Roboto-Italic.ttf */,
				84F4541D2117EBBA00217F3D /* Roboto-Light.ttf */,
				84F454292117EBBB00217F3D /* Roboto-LightItalic.ttf */,
				84F454262117EBBA00217F3D /* Roboto-Medium.ttf */,
				84F454252117EBBA00217F3D /* Roboto-MediumItalic.ttf */,
				84F454232117EBBA00217F3D /* Roboto-Regular.ttf */,
				84F454212117EBBA00217F3D /* Roboto-Thin.ttf */,
				84F4541E2117EBBA00217F3D /* Roboto-ThinItalic.ttf */,
			);
			path = Fonts;
			sourceTree = "<group>";
		};
		84F4546D211852F900217F3D /* Recovered References */ = {
			isa = PBXGroup;
			children = (
			);
			name = "Recovered References";
			sourceTree = "<group>";
		};
		9911C8C9EB2D03005D6733FD /* Frameworks */ = {
			isa = PBXGroup;
			children = (
				87A4BFF0D5E5486FF701E0C5 /* Pods_Login.framework */,
			);
			name = Frameworks;
			sourceTree = "<group>";
		};
/* End PBXGroup section */

/* Begin PBXNativeTarget section */
		84ED89B021142E73005D2174 /* Login */ = {
			isa = PBXNativeTarget;
			buildConfigurationList = 84ED89C321142E74005D2174 /* Build configuration list for PBXNativeTarget "Login" */;
			buildPhases = (
				0DB7E114F92CB94F9E54F20B /* [CP] Check Pods Manifest.lock */,
				84ED89AD21142E73005D2174 /* Sources */,
				84ED89AE21142E73005D2174 /* Frameworks */,
				84ED89AF21142E73005D2174 /* Resources */,
				A65BF1DE612B75166249FCDF /* [CP] Embed Pods Frameworks */,
				84580AB921266C89005407EE /* ShellScript */,
			);
			buildRules = (
			);
			dependencies = (
			);
			name = Login;
			productName = Login;
			productReference = 84ED89B121142E73005D2174 /* Login.app */;
			productType = "com.apple.product-type.application";
		};
/* End PBXNativeTarget section */

/* Begin PBXProject section */
		84ED89A921142E73005D2174 /* Project object */ = {
			isa = PBXProject;
			attributes = {
				LastSwiftUpdateCheck = 0930;
				LastUpgradeCheck = 0930;
				ORGANIZATIONNAME = admin;
				TargetAttributes = {
					84ED89B021142E73005D2174 = {
						CreatedOnToolsVersion = 9.3.1;
					};
				};
			};
			buildConfigurationList = 84ED89AC21142E73005D2174 /* Build configuration list for PBXProject "Login" */;
			compatibilityVersion = "Xcode 9.3";
			developmentRegion = en;
			hasScannedForEncodings = 0;
			knownRegions = (
				en,
				Base,
			);
			mainGroup = 84ED89A821142E73005D2174;
			productRefGroup = 84ED89B221142E73005D2174 /* Products */;
			projectDirPath = "";
			projectRoot = "";
			targets = (
				84ED89B021142E73005D2174 /* Login */,
			);
		};
/* End PBXProject section */

/* Begin PBXResourcesBuildPhase section */
		84ED89AF21142E73005D2174 /* Resources */ = {
			isa = PBXResourcesBuildPhase;
			buildActionMask = 2147483647;
			files = (
				84580ABB2126766E005407EE /* .swiftlint.yml in Resources */,
				84F454362117EBBB00217F3D /* Roboto-Medium.ttf in Resources */,
				84E87E07211BE37C00C896B7 /* PersonnelViewController.xib in Resources */,
				84E87E13211C462200C896B7 /* PersonTableViewCell.xib in Resources */,
				84F45471211853CC00217F3D /* FogotPasswordController.xib in Resources */,
				84F454752118555800217F3D /* HomeController.xib in Resources */,
				84ED89BF21142E74005D2174 /* LaunchScreen.storyboard in Resources */,
				84F454372117EBBB00217F3D /* Roboto-CondensedItalic.ttf in Resources */,
				84E5AB9D211D4D44003D1BF9 /* ChangePasswordViewController.xib in Resources */,
				84E87E0B211C1AAB00C896B7 /* FunctionTableViewCell.xib in Resources */,
				84F454352117EBBB00217F3D /* Roboto-MediumItalic.ttf in Resources */,
				84ED89BC21142E74005D2174 /* Assets.xcassets in Resources */,
				84F4542C2117EBBB00217F3D /* Roboto-Bold.ttf in Resources */,
				84F4542B2117EBBB00217F3D /* Roboto-Black.ttf in Resources */,
				84F454312117EBBB00217F3D /* Roboto-Thin.ttf in Resources */,
				84F454382117EBBB00217F3D /* Roboto-BoldCondensedItalic.ttf in Resources */,
				84B7CB9E2122B91A00B9CE99 /* BrowseRequestTableViewCell.xib in Resources */,
				84F454322117EBBB00217F3D /* Roboto-Condensed.ttf in Resources */,
				84F4542E2117EBBB00217F3D /* Roboto-ThinItalic.ttf in Resources */,
				84F454792118570E00217F3D /* ProfileController.xib in Resources */,
				84F4542D2117EBBB00217F3D /* Roboto-Light.ttf in Resources */,
				84E87E03211BE1D700C896B7 /* TimeKeepingViewController.xib in Resources */,
				84ED89BA21142E73005D2174 /* Main.storyboard in Resources */,
				84F454302117EBBB00217F3D /* Roboto-Italic.ttf in Resources */,
				84196FA92121260C00553107 /* WeeksTableViewCell.xib in Resources */,
				84F454332117EBBB00217F3D /* Roboto-Regular.ttf in Resources */,
				84B7CB912122B1F300B9CE99 /* BrowseRequestViewController.xib in Resources */,
				84E5ABA9211D87BA003D1BF9 /* DaysTableViewCell.xib in Resources */,
				84F454392117EBBB00217F3D /* Roboto-LightItalic.ttf in Resources */,
				84CEB689212BFAB5000890C6 /* PostTableViewCell.xib in Resources */,
				84CEB685212BFA3C000890C6 /* PostViewController.xib in Resources */,
				84F4542F2117EBBB00217F3D /* Roboto-BoldCondensed.ttf in Resources */,
				84F454342117EBBB00217F3D /* Roboto-BoldItalic.ttf in Resources */,
				84F4542A2117EBBB00217F3D /* Roboto-BlackItalic.ttf in Resources */,
			);
			runOnlyForDeploymentPostprocessing = 0;
		};
/* End PBXResourcesBuildPhase section */

/* Begin PBXShellScriptBuildPhase section */
		0DB7E114F92CB94F9E54F20B /* [CP] Check Pods Manifest.lock */ = {
			isa = PBXShellScriptBuildPhase;
			buildActionMask = 2147483647;
			files = (
			);
			inputPaths = (
				"${PODS_PODFILE_DIR_PATH}/Podfile.lock",
				"${PODS_ROOT}/Manifest.lock",
			);
			name = "[CP] Check Pods Manifest.lock";
			outputPaths = (
				"$(DERIVED_FILE_DIR)/Pods-Login-checkManifestLockResult.txt",
			);
			runOnlyForDeploymentPostprocessing = 0;
			shellPath = /bin/sh;
			shellScript = "diff \"${PODS_PODFILE_DIR_PATH}/Podfile.lock\" \"${PODS_ROOT}/Manifest.lock\" > /dev/null\nif [ $? != 0 ] ; then\n    # print error to STDERR\n    echo \"error: The sandbox is not in sync with the Podfile.lock. Run 'pod install' or update your CocoaPods installation.\" >&2\n    exit 1\nfi\n# This output is used by Xcode 'outputs' to avoid re-running this script phase.\necho \"SUCCESS\" > \"${SCRIPT_OUTPUT_FILE_0}\"\n";
			showEnvVarsInLog = 0;
		};
		84580AB921266C89005407EE /* ShellScript */ = {
			isa = PBXShellScriptBuildPhase;
			buildActionMask = 2147483647;
			files = (
			);
			inputPaths = (
			);
			outputPaths = (
			);
			runOnlyForDeploymentPostprocessing = 0;
			shellPath = /bin/sh;
			shellScript = "\"${PODS_ROOT}/SwiftLint/swiftlint\"";
		};
		A65BF1DE612B75166249FCDF /* [CP] Embed Pods Frameworks */ = {
			isa = PBXShellScriptBuildPhase;
			buildActionMask = 2147483647;
			files = (
			);
			inputPaths = (
				"${SRCROOT}/Pods/Target Support Files/Pods-Login/Pods-Login-frameworks.sh",
				"${BUILT_PRODUCTS_DIR}/Alamofire/Alamofire.framework",
				"${BUILT_PRODUCTS_DIR}/HAActionSheet/HAActionSheet.framework",
				"${BUILT_PRODUCTS_DIR}/Kingfisher/Kingfisher.framework",
				"${BUILT_PRODUCTS_DIR}/Realm/Realm.framework",
				"${BUILT_PRODUCTS_DIR}/RealmSwift/RealmSwift.framework",
				"${BUILT_PRODUCTS_DIR}/SideMenu/SideMenu.framework",
				"${BUILT_PRODUCTS_DIR}/SwiftyJSON/SwiftyJSON.framework",
			);
			name = "[CP] Embed Pods Frameworks";
			outputPaths = (
				"${TARGET_BUILD_DIR}/${FRAMEWORKS_FOLDER_PATH}/Alamofire.framework",
				"${TARGET_BUILD_DIR}/${FRAMEWORKS_FOLDER_PATH}/HAActionSheet.framework",
				"${TARGET_BUILD_DIR}/${FRAMEWORKS_FOLDER_PATH}/Kingfisher.framework",
				"${TARGET_BUILD_DIR}/${FRAMEWORKS_FOLDER_PATH}/Realm.framework",
				"${TARGET_BUILD_DIR}/${FRAMEWORKS_FOLDER_PATH}/RealmSwift.framework",
				"${TARGET_BUILD_DIR}/${FRAMEWORKS_FOLDER_PATH}/SideMenu.framework",
				"${TARGET_BUILD_DIR}/${FRAMEWORKS_FOLDER_PATH}/SwiftyJSON.framework",
			);
			runOnlyForDeploymentPostprocessing = 0;
			shellPath = /bin/sh;
			shellScript = "\"${SRCROOT}/Pods/Target Support Files/Pods-Login/Pods-Login-frameworks.sh\"\n";
			showEnvVarsInLog = 0;
		};
/* End PBXShellScriptBuildPhase section */

/* Begin PBXSourcesBuildPhase section */
		84ED89AD21142E73005D2174 /* Sources */ = {
			isa = PBXSourcesBuildPhase;
			buildActionMask = 2147483647;
			files = (
				84E87E0F211C44D200C896B7 /* Person.swift in Sources */,
				84E5ABAD211D98D5003D1BF9 /* Week.swift in Sources */,
				84F454782118570E00217F3D /* ProfileController.swift in Sources */,
				84E87E0D211C1C3E00C896B7 /* Menu.swift in Sources */,
				84CEB672212BAE4A000890C6 /* QueryService.swift in Sources */,
				84ED89B721142E73005D2174 /* ViewController.swift in Sources */,
				84CEB674212BE994000890C6 /* PostSerivce.swift in Sources */,
				84CEB688212BFAB4000890C6 /* PostTableViewCell.swift in Sources */,
				84196FAB2121778A00553107 /* WeeksTableViewCell.swift in Sources */,
				84B7CBA12122B99300B9CE99 /* Vacation.swift in Sources */,
				84E5ABA8211D87BA003D1BF9 /* DaysTableViewCell.swift in Sources */,
				84E87E12211C462200C896B7 /* PersonTableViewCell.swift in Sources */,
				84CEB67A212BEA0D000890C6 /* APIServiceAgent.swift in Sources */,
				84CEB678212BE9FA000890C6 /* APIServiceObject.swift in Sources */,
				84E5ABAB211D97D5003D1BF9 /* DayOfWeek.swift in Sources */,
				84CEB68C212C20AB000890C6 /* UIViewControllerExtension.swift in Sources */,
				84ED89B521142E73005D2174 /* AppDelegate.swift in Sources */,
				84B7CB902122B1F300B9CE99 /* BrowseRequestViewController.swift in Sources */,
				84F45470211853CC00217F3D /* FogotPasswordController.swift in Sources */,
				84CEB67C212BF117000890C6 /* Post.swift in Sources */,
				84CEB684212BFA3C000890C6 /* PostViewController.swift in Sources */,
				84F454742118555800217F3D /* HomeController.swift in Sources */,
				84E87E06211BE37C00C896B7 /* PersonnelViewController.swift in Sources */,
				84B7CB9D2122B91A00B9CE99 /* BrowseRequestTableViewCell.swift in Sources */,
				84E5AB9C211D4D44003D1BF9 /* ChangePasswordViewController.swift in Sources */,
				84CEB676212BE9E8000890C6 /* APIServiceProvider.swift in Sources */,
				84F03667212A645800A663C5 /* RealmManager.swift in Sources */,
				84E87E02211BE1D700C896B7 /* TimeKeepingViewController.swift in Sources */,
				84E87E0A211C1AAB00C896B7 /* MenuTableViewCell.swift in Sources */,
			);
			runOnlyForDeploymentPostprocessing = 0;
		};
/* End PBXSourcesBuildPhase section */

/* Begin PBXVariantGroup section */
		84ED89B821142E73005D2174 /* Main.storyboard */ = {
			isa = PBXVariantGroup;
			children = (
				84ED89B921142E73005D2174 /* Base */,
			);
			name = Main.storyboard;
			sourceTree = "<group>";
		};
		84ED89BD21142E74005D2174 /* LaunchScreen.storyboard */ = {
			isa = PBXVariantGroup;
			children = (
				84ED89BE21142E74005D2174 /* Base */,
			);
			name = LaunchScreen.storyboard;
			sourceTree = "<group>";
		};
/* End PBXVariantGroup section */

/* Begin XCBuildConfiguration section */
		84ED89C121142E74005D2174 /* Debug */ = {
			isa = XCBuildConfiguration;
			buildSettings = {
				ALWAYS_SEARCH_USER_PATHS = NO;
				CLANG_ANALYZER_NONNULL = YES;
				CLANG_ANALYZER_NUMBER_OBJECT_CONVERSION = YES_AGGRESSIVE;
				CLANG_CXX_LANGUAGE_STANDARD = "gnu++14";
				CLANG_CXX_LIBRARY = "libc++";
				CLANG_ENABLE_MODULES = YES;
				CLANG_ENABLE_OBJC_ARC = YES;
				CLANG_ENABLE_OBJC_WEAK = YES;
				CLANG_WARN_BLOCK_CAPTURE_AUTORELEASING = YES;
				CLANG_WARN_BOOL_CONVERSION = YES;
				CLANG_WARN_COMMA = YES;
				CLANG_WARN_CONSTANT_CONVERSION = YES;
				CLANG_WARN_DEPRECATED_OBJC_IMPLEMENTATIONS = YES;
				CLANG_WARN_DIRECT_OBJC_ISA_USAGE = YES_ERROR;
				CLANG_WARN_DOCUMENTATION_COMMENTS = YES;
				CLANG_WARN_EMPTY_BODY = YES;
				CLANG_WARN_ENUM_CONVERSION = YES;
				CLANG_WARN_INFINITE_RECURSION = YES;
				CLANG_WARN_INT_CONVERSION = YES;
				CLANG_WARN_NON_LITERAL_NULL_CONVERSION = YES;
				CLANG_WARN_OBJC_IMPLICIT_RETAIN_SELF = YES;
				CLANG_WARN_OBJC_LITERAL_CONVERSION = YES;
				CLANG_WARN_OBJC_ROOT_CLASS = YES_ERROR;
				CLANG_WARN_RANGE_LOOP_ANALYSIS = YES;
				CLANG_WARN_STRICT_PROTOTYPES = YES;
				CLANG_WARN_SUSPICIOUS_MOVE = YES;
				CLANG_WARN_UNGUARDED_AVAILABILITY = YES_AGGRESSIVE;
				CLANG_WARN_UNREACHABLE_CODE = YES;
				CLANG_WARN__DUPLICATE_METHOD_MATCH = YES;
				CODE_SIGN_IDENTITY = "iPhone Developer";
				COPY_PHASE_STRIP = NO;
				DEBUG_INFORMATION_FORMAT = dwarf;
				ENABLE_STRICT_OBJC_MSGSEND = YES;
				ENABLE_TESTABILITY = YES;
				GCC_C_LANGUAGE_STANDARD = gnu11;
				GCC_DYNAMIC_NO_PIC = NO;
				GCC_NO_COMMON_BLOCKS = YES;
				GCC_OPTIMIZATION_LEVEL = 0;
				GCC_PREPROCESSOR_DEFINITIONS = (
					"DEBUG=1",
					"$(inherited)",
				);
				GCC_WARN_64_TO_32_BIT_CONVERSION = YES;
				GCC_WARN_ABOUT_RETURN_TYPE = YES_ERROR;
				GCC_WARN_UNDECLARED_SELECTOR = YES;
				GCC_WARN_UNINITIALIZED_AUTOS = YES_AGGRESSIVE;
				GCC_WARN_UNUSED_FUNCTION = YES;
				GCC_WARN_UNUSED_VARIABLE = YES;
				IPHONEOS_DEPLOYMENT_TARGET = 11.3;
				MTL_ENABLE_DEBUG_INFO = YES;
				ONLY_ACTIVE_ARCH = YES;
				SDKROOT = iphoneos;
				SWIFT_ACTIVE_COMPILATION_CONDITIONS = DEBUG;
				SWIFT_OPTIMIZATION_LEVEL = "-Onone";
			};
			name = Debug;
		};
		84ED89C221142E74005D2174 /* Release */ = {
			isa = XCBuildConfiguration;
			buildSettings = {
				ALWAYS_SEARCH_USER_PATHS = NO;
				CLANG_ANALYZER_NONNULL = YES;
				CLANG_ANALYZER_NUMBER_OBJECT_CONVERSION = YES_AGGRESSIVE;
				CLANG_CXX_LANGUAGE_STANDARD = "gnu++14";
				CLANG_CXX_LIBRARY = "libc++";
				CLANG_ENABLE_MODULES = YES;
				CLANG_ENABLE_OBJC_ARC = YES;
				CLANG_ENABLE_OBJC_WEAK = YES;
				CLANG_WARN_BLOCK_CAPTURE_AUTORELEASING = YES;
				CLANG_WARN_BOOL_CONVERSION = YES;
				CLANG_WARN_COMMA = YES;
				CLANG_WARN_CONSTANT_CONVERSION = YES;
				CLANG_WARN_DEPRECATED_OBJC_IMPLEMENTATIONS = YES;
				CLANG_WARN_DIRECT_OBJC_ISA_USAGE = YES_ERROR;
				CLANG_WARN_DOCUMENTATION_COMMENTS = YES;
				CLANG_WARN_EMPTY_BODY = YES;
				CLANG_WARN_ENUM_CONVERSION = YES;
				CLANG_WARN_INFINITE_RECURSION = YES;
				CLANG_WARN_INT_CONVERSION = YES;
				CLANG_WARN_NON_LITERAL_NULL_CONVERSION = YES;
				CLANG_WARN_OBJC_IMPLICIT_RETAIN_SELF = YES;
				CLANG_WARN_OBJC_LITERAL_CONVERSION = YES;
				CLANG_WARN_OBJC_ROOT_CLASS = YES_ERROR;
				CLANG_WARN_RANGE_LOOP_ANALYSIS = YES;
				CLANG_WARN_STRICT_PROTOTYPES = YES;
				CLANG_WARN_SUSPICIOUS_MOVE = YES;
				CLANG_WARN_UNGUARDED_AVAILABILITY = YES_AGGRESSIVE;
				CLANG_WARN_UNREACHABLE_CODE = YES;
				CLANG_WARN__DUPLICATE_METHOD_MATCH = YES;
				CODE_SIGN_IDENTITY = "iPhone Developer";
				COPY_PHASE_STRIP = NO;
				DEBUG_INFORMATION_FORMAT = "dwarf-with-dsym";
				ENABLE_NS_ASSERTIONS = NO;
				ENABLE_STRICT_OBJC_MSGSEND = YES;
				GCC_C_LANGUAGE_STANDARD = gnu11;
				GCC_NO_COMMON_BLOCKS = YES;
				GCC_WARN_64_TO_32_BIT_CONVERSION = YES;
				GCC_WARN_ABOUT_RETURN_TYPE = YES_ERROR;
				GCC_WARN_UNDECLARED_SELECTOR = YES;
				GCC_WARN_UNINITIALIZED_AUTOS = YES_AGGRESSIVE;
				GCC_WARN_UNUSED_FUNCTION = YES;
				GCC_WARN_UNUSED_VARIABLE = YES;
				IPHONEOS_DEPLOYMENT_TARGET = 11.3;
				MTL_ENABLE_DEBUG_INFO = NO;
				SDKROOT = iphoneos;
				SWIFT_COMPILATION_MODE = wholemodule;
				SWIFT_OPTIMIZATION_LEVEL = "-O";
				VALIDATE_PRODUCT = YES;
			};
			name = Release;
		};
		84ED89C421142E74005D2174 /* Debug */ = {
			isa = XCBuildConfiguration;
			baseConfigurationReference = E02A2A7625232BF928AD48C4 /* Pods-Login.debug.xcconfig */;
			buildSettings = {
				ASSETCATALOG_COMPILER_APPICON_NAME = AppIcon;
				CODE_SIGN_STYLE = Automatic;
				INFOPLIST_FILE = Login/Info.plist;
				LD_RUNPATH_SEARCH_PATHS = (
					"$(inherited)",
					"@executable_path/Frameworks",
				);
				PRODUCT_BUNDLE_IDENTIFIER = gem.fresher.Login;
				PRODUCT_NAME = "$(TARGET_NAME)";
				SWIFT_VERSION = 4.0;
				TARGETED_DEVICE_FAMILY = "1,2";
			};
			name = Debug;
		};
		84ED89C521142E74005D2174 /* Release */ = {
			isa = XCBuildConfiguration;
			baseConfigurationReference = 0CCD682A34C70A6AFA0ED759 /* Pods-Login.release.xcconfig */;
			buildSettings = {
				ASSETCATALOG_COMPILER_APPICON_NAME = AppIcon;
				CODE_SIGN_STYLE = Automatic;
				INFOPLIST_FILE = Login/Info.plist;
				LD_RUNPATH_SEARCH_PATHS = (
					"$(inherited)",
					"@executable_path/Frameworks",
				);
				PRODUCT_BUNDLE_IDENTIFIER = gem.fresher.Login;
				PRODUCT_NAME = "$(TARGET_NAME)";
				SWIFT_VERSION = 4.0;
				TARGETED_DEVICE_FAMILY = "1,2";
			};
			name = Release;
		};
/* End XCBuildConfiguration section */

/* Begin XCConfigurationList section */
		84ED89AC21142E73005D2174 /* Build configuration list for PBXProject "Login" */ = {
			isa = XCConfigurationList;
			buildConfigurations = (
				84ED89C121142E74005D2174 /* Debug */,
				84ED89C221142E74005D2174 /* Release */,
			);
			defaultConfigurationIsVisible = 0;
			defaultConfigurationName = Release;
		};
		84ED89C321142E74005D2174 /* Build configuration list for PBXNativeTarget "Login" */ = {
			isa = XCConfigurationList;
			buildConfigurations = (
				84ED89C421142E74005D2174 /* Debug */,
				84ED89C521142E74005D2174 /* Release */,
			);
			defaultConfigurationIsVisible = 0;
			defaultConfigurationName = Release;
		};
/* End XCConfigurationList section */
	};
	rootObject = 84ED89A921142E73005D2174 /* Project object */;
}
