PODS:
  - SideMenu (4.0.0)
  - SwiftLint (0.27.0)

DEPENDENCIES:
  - SideMenu
  - SwiftLint

SPEC REPOS:
  https://github.com/cocoapods/specs.git:
    - SideMenu
    - SwiftLint

SPEC CHECKSUMS:
  SideMenu: 70ee5657df63ec3382660ec4ef470bf1cf5db07d
  SwiftLint: 3207c1faa2240bf8973b191820a116113cd11073

PODFILE CHECKSUM: 3794a493d51a77a52b85c296605ffd4179113beb

COCOAPODS: 1.5.3
